// !$*UTF8*$!
{
	archiveVersion = 1;
	classes = {
	};
	objectVersion = 55;
	objects = {

/* Begin PBXBuildFile section */
		06E18524A4EC0954B508BBB2 /* Pods_Pawpet_PawpetUITests.framework in Frameworks */ = {isa = PBXBuildFile; fileRef = 3C970666CC655EE8EEF6D664 /* Pods_Pawpet_PawpetUITests.framework */; };
		0C3387937C4DF0F9F28E0070 /* Pods_Pawpet.framework in Frameworks */ = {isa = PBXBuildFile; fileRef = F074DCCF72E69C9D145C6292 /* Pods_Pawpet.framework */; };
		2C85A0268DF87B3DBC83C115 /* Pods_PawpetTests.framework in Frameworks */ = {isa = PBXBuildFile; fileRef = 0196131EF18BACFAD9253161 /* Pods_PawpetTests.framework */; };
		C6490D8229BA0452003F4A2F /* UIColor + Extension.swift in Sources */ = {isa = PBXBuildFile; fileRef = C6490D8129BA0452003F4A2F /* UIColor + Extension.swift */; };
		C6490D8629BA0BBC003F4A2F /* SignInViewController.swift in Sources */ = {isa = PBXBuildFile; fileRef = C6490D8529BA0BBC003F4A2F /* SignInViewController.swift */; };
		C6490D8929C33E65003F4A2F /* UITextField + Extension.swift in Sources */ = {isa = PBXBuildFile; fileRef = C6490D8829C33E65003F4A2F /* UITextField + Extension.swift */; };
		C6490D8F29C38556003F4A2F /* AuthTextField.swift in Sources */ = {isa = PBXBuildFile; fileRef = C6490D8E29C38556003F4A2F /* AuthTextField.swift */; };
		C6490D9329C387F7003F4A2F /* AuthButton.swift in Sources */ = {isa = PBXBuildFile; fileRef = C6490D9229C387F7003F4A2F /* AuthButton.swift */; };
		C6490D9529C8AB97003F4A2F /* OptionButton.swift in Sources */ = {isa = PBXBuildFile; fileRef = C6490D9429C8AB97003F4A2F /* OptionButton.swift */; };
		C6490D9C29C8C4B2003F4A2F /* PromptView.swift in Sources */ = {isa = PBXBuildFile; fileRef = C6490D9B29C8C4B2003F4A2F /* PromptView.swift */; };
		C6490DA129C8D54C003F4A2F /* DroppedDog.json in Resources */ = {isa = PBXBuildFile; fileRef = C6490DA029C8D54C003F4A2F /* DroppedDog.json */; };
		C6490DA329C8D7F9003F4A2F /* WatchingDog.json in Resources */ = {isa = PBXBuildFile; fileRef = C6490DA229C8D7F9003F4A2F /* WatchingDog.json */; };
		C6490DA529D04F8B003F4A2F /* SignUpViewController_final.swift in Sources */ = {isa = PBXBuildFile; fileRef = C6490DA429D04F8B003F4A2F /* SignUpViewController_final.swift */; };
		C6490DA929D06407003F4A2F /* ReadyCoala.json in Resources */ = {isa = PBXBuildFile; fileRef = C6490DA829D06407003F4A2F /* ReadyCoala.json */; };
		C6490DAB29D15B92003F4A2F /* LabelView.swift in Sources */ = {isa = PBXBuildFile; fileRef = C6490DAA29D15B92003F4A2F /* LabelView.swift */; };
		C6490DAD29D184DC003F4A2F /* SectionButton.swift in Sources */ = {isa = PBXBuildFile; fileRef = C6490DAC29D184DC003F4A2F /* SectionButton.swift */; };
		C6490DB229D1A761003F4A2F /* CustomSegmentedControl.swift in Sources */ = {isa = PBXBuildFile; fileRef = C6490DB129D1A761003F4A2F /* CustomSegmentedControl.swift */; };
		C6490DB429D1B284003F4A2F /* ChapterCollectionViewCell.swift in Sources */ = {isa = PBXBuildFile; fileRef = C6490DB329D1B284003F4A2F /* ChapterCollectionViewCell.swift */; };
		C6490DB629D1B295003F4A2F /* ChapterCollectionView.swift in Sources */ = {isa = PBXBuildFile; fileRef = C6490DB529D1B295003F4A2F /* ChapterCollectionView.swift */; };
		C6490DBB29D1C4EC003F4A2F /* CardCollectionViewCell.swift in Sources */ = {isa = PBXBuildFile; fileRef = C6490DBA29D1C4EC003F4A2F /* CardCollectionViewCell.swift */; };
		C6490DBD29D1CBE4003F4A2F /* CardCollectionView.swift in Sources */ = {isa = PBXBuildFile; fileRef = C6490DBC29D1CBE4003F4A2F /* CardCollectionView.swift */; };
		C6490DBF29D1DF02003F4A2F /* PersonalOption.json in Resources */ = {isa = PBXBuildFile; fileRef = C6490DBE29D1DF02003F4A2F /* PersonalOption.json */; };
		C6490DC129D1DF12003F4A2F /* CompanyOption.json in Resources */ = {isa = PBXBuildFile; fileRef = C6490DC029D1DF12003F4A2F /* CompanyOption.json */; };
		C6490DC429D31DEC003F4A2F /* DetailViewController.swift in Sources */ = {isa = PBXBuildFile; fileRef = C6490DC329D31DEC003F4A2F /* DetailViewController.swift */; };
		C6490DC629D31F90003F4A2F /* BottomSheetView.swift in Sources */ = {isa = PBXBuildFile; fileRef = C6490DC529D31F90003F4A2F /* BottomSheetView.swift */; };
		C6490DC929D4A8D1003F4A2F /* CardInfoBottomSheetView.swift in Sources */ = {isa = PBXBuildFile; fileRef = C6490DC829D4A8D1003F4A2F /* CardInfoBottomSheetView.swift */; };
		C6490DCB29D5BA8B003F4A2F /* SadDog.json in Resources */ = {isa = PBXBuildFile; fileRef = C6490DCA29D5BA8B003F4A2F /* SadDog.json */; };
		C6490DCD29DD5FC5003F4A2F /* PhotosPageViewController.swift in Sources */ = {isa = PBXBuildFile; fileRef = C6490DCC29DD5FC5003F4A2F /* PhotosPageViewController.swift */; };
		C6490DD029DD6090003F4A2F /* PhotoFrameViewController.swift in Sources */ = {isa = PBXBuildFile; fileRef = C6490DCF29DD6090003F4A2F /* PhotoFrameViewController.swift */; };
		C6490DD429DDA334003F4A2F /* CardCollectionHeaderView.swift in Sources */ = {isa = PBXBuildFile; fileRef = C6490DD329DDA334003F4A2F /* CardCollectionHeaderView.swift */; };
		C6490DD629DDA96C003F4A2F /* Label + Extension.swift in Sources */ = {isa = PBXBuildFile; fileRef = C6490DD529DDA96C003F4A2F /* Label + Extension.swift */; };
		C6490DD829DDF307003F4A2F /* SignUpViewController5.swift in Sources */ = {isa = PBXBuildFile; fileRef = C6490DD729DDF307003F4A2F /* SignUpViewController5.swift */; };
		C6490DDA29E06596003F4A2F /* FavoritesViewController.swift in Sources */ = {isa = PBXBuildFile; fileRef = C6490DD929E06596003F4A2F /* FavoritesViewController.swift */; };
		C6490DE129E07A40003F4A2F /* OwnDetailViewController.swift in Sources */ = {isa = PBXBuildFile; fileRef = C6490DE029E07A40003F4A2F /* OwnDetailViewController.swift */; };
		C6490DE329E1C228003F4A2F /* PostViewController_1.swift in Sources */ = {isa = PBXBuildFile; fileRef = C6490DE229E1C228003F4A2F /* PostViewController_1.swift */; };
		C6490DE829E5A438003F4A2F /* PostViewController_2.swift in Sources */ = {isa = PBXBuildFile; fileRef = C6490DE729E5A438003F4A2F /* PostViewController_2.swift */; };
		C6490DEA29E5AFD1003F4A2F /* PostViewController_3.swift in Sources */ = {isa = PBXBuildFile; fileRef = C6490DE929E5AFD1003F4A2F /* PostViewController_3.swift */; };
		C6490DEC29E5BE1B003F4A2F /* Breed.swift in Sources */ = {isa = PBXBuildFile; fileRef = C6490DEB29E5BE1B003F4A2F /* Breed.swift */; };
		C6490DF129E5D7F9003F4A2F /* AgePickerView.swift in Sources */ = {isa = PBXBuildFile; fileRef = C6490DF029E5D7F9003F4A2F /* AgePickerView.swift */; };
		C6490DF529E5D830003F4A2F /* PostViewController_4.swift in Sources */ = {isa = PBXBuildFile; fileRef = C6490DF429E5D830003F4A2F /* PostViewController_4.swift */; };
		C6490DF729E5E5DA003F4A2F /* PostViewController_5.swift in Sources */ = {isa = PBXBuildFile; fileRef = C6490DF629E5E5DA003F4A2F /* PostViewController_5.swift */; };
		C6BC2E6C29E889F200205F1C /* BaseSignUpViewController.swift in Sources */ = {isa = PBXBuildFile; fileRef = C6BC2E6B29E889F200205F1C /* BaseSignUpViewController.swift */; };
		C6C450CD298FF2920094FF5A /* AppDelegate.swift in Sources */ = {isa = PBXBuildFile; fileRef = C6C450CC298FF2920094FF5A /* AppDelegate.swift */; };
		C6C450D6298FF2930094FF5A /* Assets.xcassets in Resources */ = {isa = PBXBuildFile; fileRef = C6C450D5298FF2930094FF5A /* Assets.xcassets */; };
		C6C450D9298FF2930094FF5A /* LaunchScreen.storyboard in Resources */ = {isa = PBXBuildFile; fileRef = C6C450D7298FF2930094FF5A /* LaunchScreen.storyboard */; };
		C6C450E4298FF2930094FF5A /* PawpetTests.swift in Sources */ = {isa = PBXBuildFile; fileRef = C6C450E3298FF2930094FF5A /* PawpetTests.swift */; };
		C6C450EE298FF2930094FF5A /* PawpetUITests.swift in Sources */ = {isa = PBXBuildFile; fileRef = C6C450ED298FF2930094FF5A /* PawpetUITests.swift */; };
		C6C450F0298FF2930094FF5A /* PawpetUITestsLaunchTests.swift in Sources */ = {isa = PBXBuildFile; fileRef = C6C450EF298FF2930094FF5A /* PawpetUITestsLaunchTests.swift */; };
		C6C450FD298FF5310094FF5A /* MainTabBarController.swift in Sources */ = {isa = PBXBuildFile; fileRef = C6C450FC298FF5310094FF5A /* MainTabBarController.swift */; };
		C6C450FF298FF58E0094FF5A /* SearchViewController.swift in Sources */ = {isa = PBXBuildFile; fileRef = C6C450FE298FF58E0094FF5A /* SearchViewController.swift */; };
		C6C45101298FF5990094FF5A /* ProfileViewController.swift in Sources */ = {isa = PBXBuildFile; fileRef = C6C45100298FF5990094FF5A /* ProfileViewController.swift */; };
		C6C45105298FF6070094FF5A /* PublicationsViewController.swift in Sources */ = {isa = PBXBuildFile; fileRef = C6C45104298FF6070094FF5A /* PublicationsViewController.swift */; };
		C6CC0B9029E605F00070BC50 /* DynamicTextView.swift in Sources */ = {isa = PBXBuildFile; fileRef = C6CC0B8F29E605F00070BC50 /* DynamicTextView.swift */; };
		C6CC0B9329E606150070BC50 /* PostViewController_6.swift in Sources */ = {isa = PBXBuildFile; fileRef = C6CC0B9229E606150070BC50 /* PostViewController_6.swift */; };
		C6CC0B9529E727170070BC50 /* PostViewController_7.swift in Sources */ = {isa = PBXBuildFile; fileRef = C6CC0B9429E727170070BC50 /* PostViewController_7.swift */; };
		C6CC0B9729E729BB0070BC50 /* PhotoCollectionView.swift in Sources */ = {isa = PBXBuildFile; fileRef = C6CC0B9629E729BB0070BC50 /* PhotoCollectionView.swift */; };
		C6CC0B9929E72A820070BC50 /* PhotoCollectionViewCell.swift in Sources */ = {isa = PBXBuildFile; fileRef = C6CC0B9829E72A820070BC50 /* PhotoCollectionViewCell.swift */; };
		C6CC0B9B29E748320070BC50 /* PostViewController_Final.swift in Sources */ = {isa = PBXBuildFile; fileRef = C6CC0B9A29E748320070BC50 /* PostViewController_Final.swift */; };
		C6CC0B9D29E749DC0070BC50 /* Success.json in Resources */ = {isa = PBXBuildFile; fileRef = C6CC0B9C29E749DC0070BC50 /* Success.json */; };
		C6CC0B9F29E8361F0070BC50 /* Country.swift in Sources */ = {isa = PBXBuildFile; fileRef = C6CC0B9E29E8361F0070BC50 /* Country.swift */; };
		C6CC0BA429E847940070BC50 /* SignUpViewController6.swift in Sources */ = {isa = PBXBuildFile; fileRef = C6CC0BA329E847940070BC50 /* SignUpViewController6.swift */; };
		C6CC0BA629E84C6F0070BC50 /* String + Extension.swift in Sources */ = {isa = PBXBuildFile; fileRef = C6CC0BA529E84C6F0070BC50 /* String + Extension.swift */; };
		C6CC0BAC29E8538C0070BC50 /* countries.json in Resources */ = {isa = PBXBuildFile; fileRef = C6CC0BAB29E8538C0070BC50 /* countries.json */; };
		C6CC0BAF29E854BE0070BC50 /* SignUpViewController7.swift in Sources */ = {isa = PBXBuildFile; fileRef = C6CC0BAE29E854BE0070BC50 /* SignUpViewController7.swift */; };
		C6CC0BB529E887200070BC50 /* UIViewController + Extension.swift in Sources */ = {isa = PBXBuildFile; fileRef = C6CC0BB429E887200070BC50 /* UIViewController + Extension.swift */; };
		C6FA2EAF29F2B76200726A0A /* ProfileEditViewController.swift in Sources */ = {isa = PBXBuildFile; fileRef = C6FA2EAE29F2B76200726A0A /* ProfileEditViewController.swift */; };
		C6FA2EB229F2ECE500726A0A /* TextFieldTableViewCell.swift in Sources */ = {isa = PBXBuildFile; fileRef = C6FA2EB129F2ECE500726A0A /* TextFieldTableViewCell.swift */; };
		C6FA2EB429F2F8DA00726A0A /* ParametersViewController.swift in Sources */ = {isa = PBXBuildFile; fileRef = C6FA2EB329F2F8DA00726A0A /* ParametersViewController.swift */; };
		C6FA2EB629F3006100726A0A /* DoubleTFTableViewCell.swift in Sources */ = {isa = PBXBuildFile; fileRef = C6FA2EB529F3006100726A0A /* DoubleTFTableViewCell.swift */; };
		C6FA2EB829F30B1500726A0A /* ButtonTableViewCell.swift in Sources */ = {isa = PBXBuildFile; fileRef = C6FA2EB729F30B1500726A0A /* ButtonTableViewCell.swift */; };
		C6FA2EBB29F4343F00726A0A /* BreedSelectionViewController.swift in Sources */ = {isa = PBXBuildFile; fileRef = C6FA2EBA29F4343F00726A0A /* BreedSelectionViewController.swift */; };
		C6FA2EBE29F43D7C00726A0A /* AnimalSelectionView.swift in Sources */ = {isa = PBXBuildFile; fileRef = C6FA2EBD29F43D7C00726A0A /* AnimalSelectionView.swift */; };
		C6FA2EC229F4428F00726A0A /* BottomSheetViewController.swift in Sources */ = {isa = PBXBuildFile; fileRef = C6FA2EC129F4428F00726A0A /* BottomSheetViewController.swift */; };
		C6FA2EC429F4535E00726A0A /* AnimalSelectionBottomSheetViewController.swift in Sources */ = {isa = PBXBuildFile; fileRef = C6FA2EC329F4535E00726A0A /* AnimalSelectionBottomSheetViewController.swift */; };
		C6FA2EC929F460C000726A0A /* RegionTableViewController.swift in Sources */ = {isa = PBXBuildFile; fileRef = C6FA2EC829F460C000726A0A /* RegionTableViewController.swift */; };
		C6FA2ECB29F460FC00726A0A /* CityTableViewCell.swift in Sources */ = {isa = PBXBuildFile; fileRef = C6FA2ECA29F460FC00726A0A /* CityTableViewCell.swift */; };
		C6FA2ECD29F52D2000726A0A /* BreedViewController.swift in Sources */ = {isa = PBXBuildFile; fileRef = C6FA2ECC29F52D2000726A0A /* BreedViewController.swift */; };
		C6FA2ED129F53C8400726A0A /* AgeSelectionBottomSheetViewController.swift in Sources */ = {isa = PBXBuildFile; fileRef = C6FA2ED029F53C8400726A0A /* AgeSelectionBottomSheetViewController.swift */; };
		C6FA2ED329F53E6C00726A0A /* GenderSelectionBottomSheetViewController.swift in Sources */ = {isa = PBXBuildFile; fileRef = C6FA2ED229F53E6C00726A0A /* GenderSelectionBottomSheetViewController.swift */; };
		C6FA2ED929F54E0B00726A0A /* AgeSelectionView.swift in Sources */ = {isa = PBXBuildFile; fileRef = C6FA2ED829F54E0B00726A0A /* AgeSelectionView.swift */; };
		C6FA2EDD29F557E300726A0A /* GoogleService-Info.plist in Resources */ = {isa = PBXBuildFile; fileRef = C6FA2EDC29F557E300726A0A /* GoogleService-Info.plist */; };
		C6FA2EE129F8379500726A0A /* SignUpViewController1.swift in Sources */ = {isa = PBXBuildFile; fileRef = C6FA2EE029F8379500726A0A /* SignUpViewController1.swift */; };
		C6FA2EE329F837FD00726A0A /* SignUpViewController2.swift in Sources */ = {isa = PBXBuildFile; fileRef = C6FA2EE229F837FD00726A0A /* SignUpViewController2.swift */; };
		C6FA2EE529F838BD00726A0A /* SignUpViewController3.swift in Sources */ = {isa = PBXBuildFile; fileRef = C6FA2EE429F838BD00726A0A /* SignUpViewController3.swift */; };
		C6FA2EE729F8396000726A0A /* SignUpViewController4.swift in Sources */ = {isa = PBXBuildFile; fileRef = C6FA2EE629F8396000726A0A /* SignUpViewController4.swift */; };
		C6FA2EEA29F850BA00726A0A /* FireStoreManager.swift in Sources */ = {isa = PBXBuildFile; fileRef = C6FA2EE929F850BA00726A0A /* FireStoreManager.swift */; };
		C6FA2EED29FA8F7F00726A0A /* ErrorAlertView.swift in Sources */ = {isa = PBXBuildFile; fileRef = C6FA2EEC29FA8F7F00726A0A /* ErrorAlertView.swift */; };
		C6FA2EF029FAA9F600726A0A /* PawpetUser.swift in Sources */ = {isa = PBXBuildFile; fileRef = C6FA2EEF29FAA9F600726A0A /* PawpetUser.swift */; };
		C6FA2EF229FAE87800726A0A /* Loading.json in Resources */ = {isa = PBXBuildFile; fileRef = C6FA2EF129FAE87800726A0A /* Loading.json */; };
		C6FA2EF429FC035A00726A0A /* LoadingViewController.swift in Sources */ = {isa = PBXBuildFile; fileRef = C6FA2EF329FC035A00726A0A /* LoadingViewController.swift */; };
		C6FA2EF729FC169100726A0A /* GeoSelectionViewController.swift in Sources */ = {isa = PBXBuildFile; fileRef = C6FA2EF629FC169100726A0A /* GeoSelectionViewController.swift */; };
		C6FA2EFA29FC182A00726A0A /* GeoObject.swift in Sources */ = {isa = PBXBuildFile; fileRef = C6FA2EF929FC182A00726A0A /* GeoObject.swift */; };
		C6FA2EFC29FC2C6700726A0A /* CountryChangeViewController.swift in Sources */ = {isa = PBXBuildFile; fileRef = C6FA2EFB29FC2C6700726A0A /* CountryChangeViewController.swift */; };
		C6FA2EFE29FC2CAF00726A0A /* CityChangeViewController.swift in Sources */ = {isa = PBXBuildFile; fileRef = C6FA2EFD29FC2CAF00726A0A /* CityChangeViewController.swift */; };
		C6FA2F0129FC375000726A0A /* EditableTableViewCell.swift in Sources */ = {isa = PBXBuildFile; fileRef = C6FA2F0029FC375000726A0A /* EditableTableViewCell.swift */; };
		C6FA2F0729FD2B4E00726A0A /* EmailChangeViewController.swift in Sources */ = {isa = PBXBuildFile; fileRef = C6FA2F0629FD2B4E00726A0A /* EmailChangeViewController.swift */; };
		C6FA2F0929FD2F2500726A0A /* SuccessAlertView.swift in Sources */ = {isa = PBXBuildFile; fileRef = C6FA2F0829FD2F2500726A0A /* SuccessAlertView.swift */; };
		C6FA2F0B29FD625700726A0A /* PNChangeViewController1.swift in Sources */ = {isa = PBXBuildFile; fileRef = C6FA2F0A29FD625700726A0A /* PNChangeViewController1.swift */; };
		C6FA2F0D29FD678700726A0A /* PNChangeViewController2.swift in Sources */ = {isa = PBXBuildFile; fileRef = C6FA2F0C29FD678700726A0A /* PNChangeViewController2.swift */; };
		C6FA2F0F29FD798600726A0A /* PasswordChangeViewController.swift in Sources */ = {isa = PBXBuildFile; fileRef = C6FA2F0E29FD798500726A0A /* PasswordChangeViewController.swift */; };
		C6FA2F1429FE649E00726A0A /* PasswordResetViewController.swift in Sources */ = {isa = PBXBuildFile; fileRef = C6FA2F1329FE649E00726A0A /* PasswordResetViewController.swift */; };
		C6FA2F1629FE6F9F00726A0A /* SkeletonView.swift in Sources */ = {isa = PBXBuildFile; fileRef = C6FA2F1529FE6F9F00726A0A /* SkeletonView.swift */; };
		C6FA2F1929FE874100726A0A /* ProfileSkeletonView.swift in Sources */ = {isa = PBXBuildFile; fileRef = C6FA2F1829FE874100726A0A /* ProfileSkeletonView.swift */; };
		C6FA2F1B29FFBC7C00726A0A /* Publication.swift in Sources */ = {isa = PBXBuildFile; fileRef = C6FA2F1A29FFBC7C00726A0A /* Publication.swift */; };
		C6FA2F1D29FFDE1600726A0A /* PostViewController_8.swift in Sources */ = {isa = PBXBuildFile; fileRef = C6FA2F1C29FFDE1600726A0A /* PostViewController_8.swift */; };
		C6FA2F1F29FFEBB700726A0A /* PriceTextField.swift in Sources */ = {isa = PBXBuildFile; fileRef = C6FA2F1E29FFEBB700726A0A /* PriceTextField.swift */; };
		C6FA2F232A01951700726A0A /* CurrencySelectionBottomSheetViewController.swift in Sources */ = {isa = PBXBuildFile; fileRef = C6FA2F222A01951700726A0A /* CurrencySelectionBottomSheetViewController.swift */; };
		C6FA2F272A0286C300726A0A /* Int + Extension.swift in Sources */ = {isa = PBXBuildFile; fileRef = C6FA2F262A0286C300726A0A /* Int + Extension.swift */; };
/* End PBXBuildFile section */

/* Begin PBXContainerItemProxy section */
		C6C450E0298FF2930094FF5A /* PBXContainerItemProxy */ = {
			isa = PBXContainerItemProxy;
			containerPortal = C6C450C1298FF2920094FF5A /* Project object */;
			proxyType = 1;
			remoteGlobalIDString = C6C450C8298FF2920094FF5A;
			remoteInfo = Pawpet;
		};
		C6C450EA298FF2930094FF5A /* PBXContainerItemProxy */ = {
			isa = PBXContainerItemProxy;
			containerPortal = C6C450C1298FF2920094FF5A /* Project object */;
			proxyType = 1;
			remoteGlobalIDString = C6C450C8298FF2920094FF5A;
			remoteInfo = Pawpet;
		};
/* End PBXContainerItemProxy section */

/* Begin PBXFileReference section */
		0196131EF18BACFAD9253161 /* Pods_PawpetTests.framework */ = {isa = PBXFileReference; explicitFileType = wrapper.framework; includeInIndex = 0; path = Pods_PawpetTests.framework; sourceTree = BUILT_PRODUCTS_DIR; };
		3C970666CC655EE8EEF6D664 /* Pods_Pawpet_PawpetUITests.framework */ = {isa = PBXFileReference; explicitFileType = wrapper.framework; includeInIndex = 0; path = Pods_Pawpet_PawpetUITests.framework; sourceTree = BUILT_PRODUCTS_DIR; };
		59F8C78011F09A509DD23609 /* Pods-PawpetTests.debug.xcconfig */ = {isa = PBXFileReference; includeInIndex = 1; lastKnownFileType = text.xcconfig; name = "Pods-PawpetTests.debug.xcconfig"; path = "Target Support Files/Pods-PawpetTests/Pods-PawpetTests.debug.xcconfig"; sourceTree = "<group>"; };
		734520AFB8E550129D209F62 /* Pods-PawpetTests.release.xcconfig */ = {isa = PBXFileReference; includeInIndex = 1; lastKnownFileType = text.xcconfig; name = "Pods-PawpetTests.release.xcconfig"; path = "Target Support Files/Pods-PawpetTests/Pods-PawpetTests.release.xcconfig"; sourceTree = "<group>"; };
		AE3A27A1B3BB51435004AB95 /* Pods-Pawpet-PawpetUITests.release.xcconfig */ = {isa = PBXFileReference; includeInIndex = 1; lastKnownFileType = text.xcconfig; name = "Pods-Pawpet-PawpetUITests.release.xcconfig"; path = "Target Support Files/Pods-Pawpet-PawpetUITests/Pods-Pawpet-PawpetUITests.release.xcconfig"; sourceTree = "<group>"; };
		B8C7A5D86C55FAF1867ED769 /* Pods-Pawpet.release.xcconfig */ = {isa = PBXFileReference; includeInIndex = 1; lastKnownFileType = text.xcconfig; name = "Pods-Pawpet.release.xcconfig"; path = "Target Support Files/Pods-Pawpet/Pods-Pawpet.release.xcconfig"; sourceTree = "<group>"; };
		C6490D8129BA0452003F4A2F /* UIColor + Extension.swift */ = {isa = PBXFileReference; lastKnownFileType = sourcecode.swift; path = "UIColor + Extension.swift"; sourceTree = "<group>"; };
		C6490D8529BA0BBC003F4A2F /* SignInViewController.swift */ = {isa = PBXFileReference; lastKnownFileType = sourcecode.swift; path = SignInViewController.swift; sourceTree = "<group>"; };
		C6490D8829C33E65003F4A2F /* UITextField + Extension.swift */ = {isa = PBXFileReference; lastKnownFileType = sourcecode.swift; path = "UITextField + Extension.swift"; sourceTree = "<group>"; };
		C6490D8E29C38556003F4A2F /* AuthTextField.swift */ = {isa = PBXFileReference; lastKnownFileType = sourcecode.swift; path = AuthTextField.swift; sourceTree = "<group>"; };
		C6490D9229C387F7003F4A2F /* AuthButton.swift */ = {isa = PBXFileReference; lastKnownFileType = sourcecode.swift; path = AuthButton.swift; sourceTree = "<group>"; };
		C6490D9429C8AB97003F4A2F /* OptionButton.swift */ = {isa = PBXFileReference; lastKnownFileType = sourcecode.swift; path = OptionButton.swift; sourceTree = "<group>"; };
		C6490D9B29C8C4B2003F4A2F /* PromptView.swift */ = {isa = PBXFileReference; lastKnownFileType = sourcecode.swift; path = PromptView.swift; sourceTree = "<group>"; };
		C6490DA029C8D54C003F4A2F /* DroppedDog.json */ = {isa = PBXFileReference; lastKnownFileType = text.json; path = DroppedDog.json; sourceTree = "<group>"; };
		C6490DA229C8D7F9003F4A2F /* WatchingDog.json */ = {isa = PBXFileReference; lastKnownFileType = text.json; path = WatchingDog.json; sourceTree = "<group>"; };
		C6490DA429D04F8B003F4A2F /* SignUpViewController_final.swift */ = {isa = PBXFileReference; lastKnownFileType = sourcecode.swift; path = SignUpViewController_final.swift; sourceTree = "<group>"; };
		C6490DA829D06407003F4A2F /* ReadyCoala.json */ = {isa = PBXFileReference; lastKnownFileType = text.json; path = ReadyCoala.json; sourceTree = "<group>"; };
		C6490DAA29D15B92003F4A2F /* LabelView.swift */ = {isa = PBXFileReference; lastKnownFileType = sourcecode.swift; path = LabelView.swift; sourceTree = "<group>"; };
		C6490DAC29D184DC003F4A2F /* SectionButton.swift */ = {isa = PBXFileReference; lastKnownFileType = sourcecode.swift; path = SectionButton.swift; sourceTree = "<group>"; };
		C6490DB129D1A761003F4A2F /* CustomSegmentedControl.swift */ = {isa = PBXFileReference; lastKnownFileType = sourcecode.swift; path = CustomSegmentedControl.swift; sourceTree = "<group>"; };
		C6490DB329D1B284003F4A2F /* ChapterCollectionViewCell.swift */ = {isa = PBXFileReference; lastKnownFileType = sourcecode.swift; path = ChapterCollectionViewCell.swift; sourceTree = "<group>"; };
		C6490DB529D1B295003F4A2F /* ChapterCollectionView.swift */ = {isa = PBXFileReference; lastKnownFileType = sourcecode.swift; path = ChapterCollectionView.swift; sourceTree = "<group>"; };
		C6490DBA29D1C4EC003F4A2F /* CardCollectionViewCell.swift */ = {isa = PBXFileReference; lastKnownFileType = sourcecode.swift; path = CardCollectionViewCell.swift; sourceTree = "<group>"; };
		C6490DBC29D1CBE4003F4A2F /* CardCollectionView.swift */ = {isa = PBXFileReference; lastKnownFileType = sourcecode.swift; path = CardCollectionView.swift; sourceTree = "<group>"; };
		C6490DBE29D1DF02003F4A2F /* PersonalOption.json */ = {isa = PBXFileReference; lastKnownFileType = text.json; path = PersonalOption.json; sourceTree = "<group>"; };
		C6490DC029D1DF12003F4A2F /* CompanyOption.json */ = {isa = PBXFileReference; lastKnownFileType = text.json; path = CompanyOption.json; sourceTree = "<group>"; };
		C6490DC329D31DEC003F4A2F /* DetailViewController.swift */ = {isa = PBXFileReference; lastKnownFileType = sourcecode.swift; path = DetailViewController.swift; sourceTree = "<group>"; };
		C6490DC529D31F90003F4A2F /* BottomSheetView.swift */ = {isa = PBXFileReference; lastKnownFileType = sourcecode.swift; path = BottomSheetView.swift; sourceTree = "<group>"; };
		C6490DC829D4A8D1003F4A2F /* CardInfoBottomSheetView.swift */ = {isa = PBXFileReference; lastKnownFileType = sourcecode.swift; path = CardInfoBottomSheetView.swift; sourceTree = "<group>"; };
		C6490DCA29D5BA8B003F4A2F /* SadDog.json */ = {isa = PBXFileReference; lastKnownFileType = text.json; path = SadDog.json; sourceTree = "<group>"; };
		C6490DCC29DD5FC5003F4A2F /* PhotosPageViewController.swift */ = {isa = PBXFileReference; lastKnownFileType = sourcecode.swift; path = PhotosPageViewController.swift; sourceTree = "<group>"; };
		C6490DCF29DD6090003F4A2F /* PhotoFrameViewController.swift */ = {isa = PBXFileReference; lastKnownFileType = sourcecode.swift; path = PhotoFrameViewController.swift; sourceTree = "<group>"; };
		C6490DD329DDA334003F4A2F /* CardCollectionHeaderView.swift */ = {isa = PBXFileReference; lastKnownFileType = sourcecode.swift; path = CardCollectionHeaderView.swift; sourceTree = "<group>"; };
		C6490DD529DDA96C003F4A2F /* Label + Extension.swift */ = {isa = PBXFileReference; lastKnownFileType = sourcecode.swift; path = "Label + Extension.swift"; sourceTree = "<group>"; };
		C6490DD729DDF307003F4A2F /* SignUpViewController5.swift */ = {isa = PBXFileReference; lastKnownFileType = sourcecode.swift; path = SignUpViewController5.swift; sourceTree = "<group>"; };
		C6490DD929E06596003F4A2F /* FavoritesViewController.swift */ = {isa = PBXFileReference; lastKnownFileType = sourcecode.swift; path = FavoritesViewController.swift; sourceTree = "<group>"; };
		C6490DE029E07A40003F4A2F /* OwnDetailViewController.swift */ = {isa = PBXFileReference; lastKnownFileType = sourcecode.swift; path = OwnDetailViewController.swift; sourceTree = "<group>"; };
		C6490DE229E1C228003F4A2F /* PostViewController_1.swift */ = {isa = PBXFileReference; lastKnownFileType = sourcecode.swift; path = PostViewController_1.swift; sourceTree = "<group>"; };
		C6490DE729E5A438003F4A2F /* PostViewController_2.swift */ = {isa = PBXFileReference; lastKnownFileType = sourcecode.swift; path = PostViewController_2.swift; sourceTree = "<group>"; };
		C6490DE929E5AFD1003F4A2F /* PostViewController_3.swift */ = {isa = PBXFileReference; lastKnownFileType = sourcecode.swift; path = PostViewController_3.swift; sourceTree = "<group>"; };
		C6490DEB29E5BE1B003F4A2F /* Breed.swift */ = {isa = PBXFileReference; lastKnownFileType = sourcecode.swift; path = Breed.swift; sourceTree = "<group>"; };
		C6490DF029E5D7F9003F4A2F /* AgePickerView.swift */ = {isa = PBXFileReference; lastKnownFileType = sourcecode.swift; path = AgePickerView.swift; sourceTree = "<group>"; };
		C6490DF429E5D830003F4A2F /* PostViewController_4.swift */ = {isa = PBXFileReference; lastKnownFileType = sourcecode.swift; path = PostViewController_4.swift; sourceTree = "<group>"; };
		C6490DF629E5E5DA003F4A2F /* PostViewController_5.swift */ = {isa = PBXFileReference; lastKnownFileType = sourcecode.swift; path = PostViewController_5.swift; sourceTree = "<group>"; };
		C6BC2E6B29E889F200205F1C /* BaseSignUpViewController.swift */ = {isa = PBXFileReference; lastKnownFileType = sourcecode.swift; path = BaseSignUpViewController.swift; sourceTree = "<group>"; };
		C6C450C9298FF2920094FF5A /* Pawpet.app */ = {isa = PBXFileReference; explicitFileType = wrapper.application; includeInIndex = 0; path = Pawpet.app; sourceTree = BUILT_PRODUCTS_DIR; };
		C6C450CC298FF2920094FF5A /* AppDelegate.swift */ = {isa = PBXFileReference; lastKnownFileType = sourcecode.swift; path = AppDelegate.swift; sourceTree = "<group>"; };
		C6C450D5298FF2930094FF5A /* Assets.xcassets */ = {isa = PBXFileReference; lastKnownFileType = folder.assetcatalog; path = Assets.xcassets; sourceTree = "<group>"; };
		C6C450D8298FF2930094FF5A /* Base */ = {isa = PBXFileReference; lastKnownFileType = file.storyboard; name = Base; path = Base.lproj/LaunchScreen.storyboard; sourceTree = "<group>"; };
		C6C450DA298FF2930094FF5A /* Info.plist */ = {isa = PBXFileReference; lastKnownFileType = text.plist.xml; path = Info.plist; sourceTree = "<group>"; };
		C6C450DF298FF2930094FF5A /* PawpetTests.xctest */ = {isa = PBXFileReference; explicitFileType = wrapper.cfbundle; includeInIndex = 0; path = PawpetTests.xctest; sourceTree = BUILT_PRODUCTS_DIR; };
		C6C450E3298FF2930094FF5A /* PawpetTests.swift */ = {isa = PBXFileReference; lastKnownFileType = sourcecode.swift; path = PawpetTests.swift; sourceTree = "<group>"; };
		C6C450E9298FF2930094FF5A /* PawpetUITests.xctest */ = {isa = PBXFileReference; explicitFileType = wrapper.cfbundle; includeInIndex = 0; path = PawpetUITests.xctest; sourceTree = BUILT_PRODUCTS_DIR; };
		C6C450ED298FF2930094FF5A /* PawpetUITests.swift */ = {isa = PBXFileReference; lastKnownFileType = sourcecode.swift; path = PawpetUITests.swift; sourceTree = "<group>"; };
		C6C450EF298FF2930094FF5A /* PawpetUITestsLaunchTests.swift */ = {isa = PBXFileReference; lastKnownFileType = sourcecode.swift; path = PawpetUITestsLaunchTests.swift; sourceTree = "<group>"; };
		C6C450FC298FF5310094FF5A /* MainTabBarController.swift */ = {isa = PBXFileReference; lastKnownFileType = sourcecode.swift; path = MainTabBarController.swift; sourceTree = "<group>"; };
		C6C450FE298FF58E0094FF5A /* SearchViewController.swift */ = {isa = PBXFileReference; lastKnownFileType = sourcecode.swift; path = SearchViewController.swift; sourceTree = "<group>"; };
		C6C45100298FF5990094FF5A /* ProfileViewController.swift */ = {isa = PBXFileReference; lastKnownFileType = sourcecode.swift; path = ProfileViewController.swift; sourceTree = "<group>"; };
		C6C45104298FF6070094FF5A /* PublicationsViewController.swift */ = {isa = PBXFileReference; lastKnownFileType = sourcecode.swift; path = PublicationsViewController.swift; sourceTree = "<group>"; };
		C6CC0B8F29E605F00070BC50 /* DynamicTextView.swift */ = {isa = PBXFileReference; lastKnownFileType = sourcecode.swift; path = DynamicTextView.swift; sourceTree = "<group>"; };
		C6CC0B9229E606150070BC50 /* PostViewController_6.swift */ = {isa = PBXFileReference; lastKnownFileType = sourcecode.swift; path = PostViewController_6.swift; sourceTree = "<group>"; };
		C6CC0B9429E727170070BC50 /* PostViewController_7.swift */ = {isa = PBXFileReference; lastKnownFileType = sourcecode.swift; path = PostViewController_7.swift; sourceTree = "<group>"; };
		C6CC0B9629E729BB0070BC50 /* PhotoCollectionView.swift */ = {isa = PBXFileReference; lastKnownFileType = sourcecode.swift; path = PhotoCollectionView.swift; sourceTree = "<group>"; };
		C6CC0B9829E72A820070BC50 /* PhotoCollectionViewCell.swift */ = {isa = PBXFileReference; lastKnownFileType = sourcecode.swift; path = PhotoCollectionViewCell.swift; sourceTree = "<group>"; };
		C6CC0B9A29E748320070BC50 /* PostViewController_Final.swift */ = {isa = PBXFileReference; lastKnownFileType = sourcecode.swift; path = PostViewController_Final.swift; sourceTree = "<group>"; };
		C6CC0B9C29E749DC0070BC50 /* Success.json */ = {isa = PBXFileReference; lastKnownFileType = text.json; path = Success.json; sourceTree = "<group>"; };
		C6CC0B9E29E8361F0070BC50 /* Country.swift */ = {isa = PBXFileReference; lastKnownFileType = sourcecode.swift; path = Country.swift; sourceTree = "<group>"; };
		C6CC0BA329E847940070BC50 /* SignUpViewController6.swift */ = {isa = PBXFileReference; lastKnownFileType = sourcecode.swift; path = SignUpViewController6.swift; sourceTree = "<group>"; };
		C6CC0BA529E84C6F0070BC50 /* String + Extension.swift */ = {isa = PBXFileReference; lastKnownFileType = sourcecode.swift; path = "String + Extension.swift"; sourceTree = "<group>"; };
		C6CC0BAB29E8538C0070BC50 /* countries.json */ = {isa = PBXFileReference; fileEncoding = 4; lastKnownFileType = text.json; path = countries.json; sourceTree = "<group>"; };
		C6CC0BAE29E854BE0070BC50 /* SignUpViewController7.swift */ = {isa = PBXFileReference; lastKnownFileType = sourcecode.swift; path = SignUpViewController7.swift; sourceTree = "<group>"; };
		C6CC0BB429E887200070BC50 /* UIViewController + Extension.swift */ = {isa = PBXFileReference; lastKnownFileType = sourcecode.swift; path = "UIViewController + Extension.swift"; sourceTree = "<group>"; };
		C6FA2EAE29F2B76200726A0A /* ProfileEditViewController.swift */ = {isa = PBXFileReference; lastKnownFileType = sourcecode.swift; path = ProfileEditViewController.swift; sourceTree = "<group>"; };
		C6FA2EB129F2ECE500726A0A /* TextFieldTableViewCell.swift */ = {isa = PBXFileReference; lastKnownFileType = sourcecode.swift; path = TextFieldTableViewCell.swift; sourceTree = "<group>"; };
		C6FA2EB329F2F8DA00726A0A /* ParametersViewController.swift */ = {isa = PBXFileReference; lastKnownFileType = sourcecode.swift; path = ParametersViewController.swift; sourceTree = "<group>"; };
		C6FA2EB529F3006100726A0A /* DoubleTFTableViewCell.swift */ = {isa = PBXFileReference; lastKnownFileType = sourcecode.swift; path = DoubleTFTableViewCell.swift; sourceTree = "<group>"; };
		C6FA2EB729F30B1500726A0A /* ButtonTableViewCell.swift */ = {isa = PBXFileReference; lastKnownFileType = sourcecode.swift; path = ButtonTableViewCell.swift; sourceTree = "<group>"; };
		C6FA2EBA29F4343F00726A0A /* BreedSelectionViewController.swift */ = {isa = PBXFileReference; lastKnownFileType = sourcecode.swift; path = BreedSelectionViewController.swift; sourceTree = "<group>"; };
		C6FA2EBD29F43D7C00726A0A /* AnimalSelectionView.swift */ = {isa = PBXFileReference; lastKnownFileType = sourcecode.swift; path = AnimalSelectionView.swift; sourceTree = "<group>"; };
		C6FA2EC129F4428F00726A0A /* BottomSheetViewController.swift */ = {isa = PBXFileReference; lastKnownFileType = sourcecode.swift; path = BottomSheetViewController.swift; sourceTree = "<group>"; };
		C6FA2EC329F4535E00726A0A /* AnimalSelectionBottomSheetViewController.swift */ = {isa = PBXFileReference; lastKnownFileType = sourcecode.swift; path = AnimalSelectionBottomSheetViewController.swift; sourceTree = "<group>"; };
		C6FA2EC829F460C000726A0A /* RegionTableViewController.swift */ = {isa = PBXFileReference; lastKnownFileType = sourcecode.swift; path = RegionTableViewController.swift; sourceTree = "<group>"; };
		C6FA2ECA29F460FC00726A0A /* CityTableViewCell.swift */ = {isa = PBXFileReference; lastKnownFileType = sourcecode.swift; path = CityTableViewCell.swift; sourceTree = "<group>"; };
		C6FA2ECC29F52D2000726A0A /* BreedViewController.swift */ = {isa = PBXFileReference; lastKnownFileType = sourcecode.swift; path = BreedViewController.swift; sourceTree = "<group>"; };
		C6FA2ED029F53C8400726A0A /* AgeSelectionBottomSheetViewController.swift */ = {isa = PBXFileReference; lastKnownFileType = sourcecode.swift; path = AgeSelectionBottomSheetViewController.swift; sourceTree = "<group>"; };
		C6FA2ED229F53E6C00726A0A /* GenderSelectionBottomSheetViewController.swift */ = {isa = PBXFileReference; lastKnownFileType = sourcecode.swift; path = GenderSelectionBottomSheetViewController.swift; sourceTree = "<group>"; };
		C6FA2ED829F54E0B00726A0A /* AgeSelectionView.swift */ = {isa = PBXFileReference; lastKnownFileType = sourcecode.swift; path = AgeSelectionView.swift; sourceTree = "<group>"; };
		C6FA2EDC29F557E300726A0A /* GoogleService-Info.plist */ = {isa = PBXFileReference; fileEncoding = 4; lastKnownFileType = text.plist.xml; path = "GoogleService-Info.plist"; sourceTree = "<group>"; };
		C6FA2EE029F8379500726A0A /* SignUpViewController1.swift */ = {isa = PBXFileReference; lastKnownFileType = sourcecode.swift; path = SignUpViewController1.swift; sourceTree = "<group>"; };
		C6FA2EE229F837FD00726A0A /* SignUpViewController2.swift */ = {isa = PBXFileReference; lastKnownFileType = sourcecode.swift; path = SignUpViewController2.swift; sourceTree = "<group>"; };
		C6FA2EE429F838BD00726A0A /* SignUpViewController3.swift */ = {isa = PBXFileReference; lastKnownFileType = sourcecode.swift; path = SignUpViewController3.swift; sourceTree = "<group>"; };
		C6FA2EE629F8396000726A0A /* SignUpViewController4.swift */ = {isa = PBXFileReference; lastKnownFileType = sourcecode.swift; path = SignUpViewController4.swift; sourceTree = "<group>"; };
		C6FA2EE929F850BA00726A0A /* FireStoreManager.swift */ = {isa = PBXFileReference; lastKnownFileType = sourcecode.swift; path = FireStoreManager.swift; sourceTree = "<group>"; };
		C6FA2EEC29FA8F7F00726A0A /* ErrorAlertView.swift */ = {isa = PBXFileReference; lastKnownFileType = sourcecode.swift; path = ErrorAlertView.swift; sourceTree = "<group>"; };
		C6FA2EEF29FAA9F600726A0A /* PawpetUser.swift */ = {isa = PBXFileReference; lastKnownFileType = sourcecode.swift; path = PawpetUser.swift; sourceTree = "<group>"; };
		C6FA2EF129FAE87800726A0A /* Loading.json */ = {isa = PBXFileReference; lastKnownFileType = text.json; path = Loading.json; sourceTree = "<group>"; };
		C6FA2EF329FC035A00726A0A /* LoadingViewController.swift */ = {isa = PBXFileReference; lastKnownFileType = sourcecode.swift; path = LoadingViewController.swift; sourceTree = "<group>"; };
		C6FA2EF629FC169100726A0A /* GeoSelectionViewController.swift */ = {isa = PBXFileReference; lastKnownFileType = sourcecode.swift; path = GeoSelectionViewController.swift; sourceTree = "<group>"; };
		C6FA2EF929FC182A00726A0A /* GeoObject.swift */ = {isa = PBXFileReference; lastKnownFileType = sourcecode.swift; path = GeoObject.swift; sourceTree = "<group>"; };
		C6FA2EFB29FC2C6700726A0A /* CountryChangeViewController.swift */ = {isa = PBXFileReference; lastKnownFileType = sourcecode.swift; path = CountryChangeViewController.swift; sourceTree = "<group>"; };
		C6FA2EFD29FC2CAF00726A0A /* CityChangeViewController.swift */ = {isa = PBXFileReference; lastKnownFileType = sourcecode.swift; path = CityChangeViewController.swift; sourceTree = "<group>"; };
		C6FA2F0029FC375000726A0A /* EditableTableViewCell.swift */ = {isa = PBXFileReference; lastKnownFileType = sourcecode.swift; path = EditableTableViewCell.swift; sourceTree = "<group>"; };
		C6FA2F0629FD2B4E00726A0A /* EmailChangeViewController.swift */ = {isa = PBXFileReference; lastKnownFileType = sourcecode.swift; path = EmailChangeViewController.swift; sourceTree = "<group>"; };
		C6FA2F0829FD2F2500726A0A /* SuccessAlertView.swift */ = {isa = PBXFileReference; lastKnownFileType = sourcecode.swift; path = SuccessAlertView.swift; sourceTree = "<group>"; };
		C6FA2F0A29FD625700726A0A /* PNChangeViewController1.swift */ = {isa = PBXFileReference; lastKnownFileType = sourcecode.swift; path = PNChangeViewController1.swift; sourceTree = "<group>"; };
		C6FA2F0C29FD678700726A0A /* PNChangeViewController2.swift */ = {isa = PBXFileReference; lastKnownFileType = sourcecode.swift; path = PNChangeViewController2.swift; sourceTree = "<group>"; };
		C6FA2F0E29FD798500726A0A /* PasswordChangeViewController.swift */ = {isa = PBXFileReference; lastKnownFileType = sourcecode.swift; path = PasswordChangeViewController.swift; sourceTree = "<group>"; };
		C6FA2F1329FE649E00726A0A /* PasswordResetViewController.swift */ = {isa = PBXFileReference; lastKnownFileType = sourcecode.swift; path = PasswordResetViewController.swift; sourceTree = "<group>"; };
		C6FA2F1529FE6F9F00726A0A /* SkeletonView.swift */ = {isa = PBXFileReference; lastKnownFileType = sourcecode.swift; path = SkeletonView.swift; sourceTree = "<group>"; };
		C6FA2F1829FE874100726A0A /* ProfileSkeletonView.swift */ = {isa = PBXFileReference; lastKnownFileType = sourcecode.swift; path = ProfileSkeletonView.swift; sourceTree = "<group>"; };
		C6FA2F1A29FFBC7C00726A0A /* Publication.swift */ = {isa = PBXFileReference; lastKnownFileType = sourcecode.swift; path = Publication.swift; sourceTree = "<group>"; };
		C6FA2F1C29FFDE1600726A0A /* PostViewController_8.swift */ = {isa = PBXFileReference; lastKnownFileType = sourcecode.swift; path = PostViewController_8.swift; sourceTree = "<group>"; };
		C6FA2F1E29FFEBB700726A0A /* PriceTextField.swift */ = {isa = PBXFileReference; lastKnownFileType = sourcecode.swift; path = PriceTextField.swift; sourceTree = "<group>"; };
		C6FA2F222A01951700726A0A /* CurrencySelectionBottomSheetViewController.swift */ = {isa = PBXFileReference; lastKnownFileType = sourcecode.swift; path = CurrencySelectionBottomSheetViewController.swift; sourceTree = "<group>"; };
		C6FA2F262A0286C300726A0A /* Int + Extension.swift */ = {isa = PBXFileReference; lastKnownFileType = sourcecode.swift; path = "Int + Extension.swift"; sourceTree = "<group>"; };
		CAE1321DF715B8D0C58360EE /* Pods-Pawpet.debug.xcconfig */ = {isa = PBXFileReference; includeInIndex = 1; lastKnownFileType = text.xcconfig; name = "Pods-Pawpet.debug.xcconfig"; path = "Target Support Files/Pods-Pawpet/Pods-Pawpet.debug.xcconfig"; sourceTree = "<group>"; };
		CE6C03E76F5F4D825989EBFD /* Pods-Pawpet-PawpetUITests.debug.xcconfig */ = {isa = PBXFileReference; includeInIndex = 1; lastKnownFileType = text.xcconfig; name = "Pods-Pawpet-PawpetUITests.debug.xcconfig"; path = "Target Support Files/Pods-Pawpet-PawpetUITests/Pods-Pawpet-PawpetUITests.debug.xcconfig"; sourceTree = "<group>"; };
		F074DCCF72E69C9D145C6292 /* Pods_Pawpet.framework */ = {isa = PBXFileReference; explicitFileType = wrapper.framework; includeInIndex = 0; path = Pods_Pawpet.framework; sourceTree = BUILT_PRODUCTS_DIR; };
/* End PBXFileReference section */

/* Begin PBXFrameworksBuildPhase section */
		C6C450C6298FF2920094FF5A /* Frameworks */ = {
			isa = PBXFrameworksBuildPhase;
			buildActionMask = 2147483647;
			files = (
				0C3387937C4DF0F9F28E0070 /* Pods_Pawpet.framework in Frameworks */,
			);
			runOnlyForDeploymentPostprocessing = 0;
		};
		C6C450DC298FF2930094FF5A /* Frameworks */ = {
			isa = PBXFrameworksBuildPhase;
			buildActionMask = 2147483647;
			files = (
				2C85A0268DF87B3DBC83C115 /* Pods_PawpetTests.framework in Frameworks */,
			);
			runOnlyForDeploymentPostprocessing = 0;
		};
		C6C450E6298FF2930094FF5A /* Frameworks */ = {
			isa = PBXFrameworksBuildPhase;
			buildActionMask = 2147483647;
			files = (
				06E18524A4EC0954B508BBB2 /* Pods_Pawpet_PawpetUITests.framework in Frameworks */,
			);
			runOnlyForDeploymentPostprocessing = 0;
		};
/* End PBXFrameworksBuildPhase section */

/* Begin PBXGroup section */
		7A57AB101EC0833A6B81A55C /* Frameworks */ = {
			isa = PBXGroup;
			children = (
				F074DCCF72E69C9D145C6292 /* Pods_Pawpet.framework */,
				3C970666CC655EE8EEF6D664 /* Pods_Pawpet_PawpetUITests.framework */,
				0196131EF18BACFAD9253161 /* Pods_PawpetTests.framework */,
			);
			name = Frameworks;
			sourceTree = "<group>";
		};
		95C90ECD9C0F2DDCC6B45991 /* Pods */ = {
			isa = PBXGroup;
			children = (
				CAE1321DF715B8D0C58360EE /* Pods-Pawpet.debug.xcconfig */,
				B8C7A5D86C55FAF1867ED769 /* Pods-Pawpet.release.xcconfig */,
				CE6C03E76F5F4D825989EBFD /* Pods-Pawpet-PawpetUITests.debug.xcconfig */,
				AE3A27A1B3BB51435004AB95 /* Pods-Pawpet-PawpetUITests.release.xcconfig */,
				59F8C78011F09A509DD23609 /* Pods-PawpetTests.debug.xcconfig */,
				734520AFB8E550129D209F62 /* Pods-PawpetTests.release.xcconfig */,
			);
			path = Pods;
			sourceTree = "<group>";
		};
		C6490D8329BA05D7003F4A2F /* Extension */ = {
			isa = PBXGroup;
			children = (
				C6490D8129BA0452003F4A2F /* UIColor + Extension.swift */,
				C6490D8829C33E65003F4A2F /* UITextField + Extension.swift */,
				C6490DD529DDA96C003F4A2F /* Label + Extension.swift */,
				C6CC0BA529E84C6F0070BC50 /* String + Extension.swift */,
				C6CC0BB429E887200070BC50 /* UIViewController + Extension.swift */,
				C6FA2F262A0286C300726A0A /* Int + Extension.swift */,
			);
			path = Extension;
			sourceTree = "<group>";
		};
		C6490D8429BA05E1003F4A2F /* Resourses */ = {
			isa = PBXGroup;
			children = (
				C6CC0BAD29E853930070BC50 /* Geo */,
				C6490D9F29C8D4FD003F4A2F /* Lottie Animations */,
				C6C450D5298FF2930094FF5A /* Assets.xcassets */,
			);
			path = Resourses;
			sourceTree = "<group>";
		};
		C6490D8729BA0BC0003F4A2F /* Authorization */ = {
			isa = PBXGroup;
			children = (
				C6490D9829C8C435003F4A2F /* SignUp */,
				C6490D9929C8C444003F4A2F /* SignIn */,
				C6FA2EF529FC036300726A0A /* Loading */,
			);
			path = Authorization;
			sourceTree = "<group>";
		};
		C6490D9029C3855D003F4A2F /* Components */ = {
			isa = PBXGroup;
			children = (
				C6490DC729D4A890003F4A2F /* BottomSheet */,
				C6490DB029D1A74A003F4A2F /* TextField */,
				C6490DAE29D1A73A003F4A2F /* Buttons */,
				C6490DAF29D1A743003F4A2F /* Labels */,
				C6490DF329E5D809003F4A2F /* SegmentedControl */,
				C6490DF229E5D7FF003F4A2F /* PickerView */,
				C6CC0B9129E605F30070BC50 /* TextView */,
				C6FA2EBC29F4344200726A0A /* SelectionView */,
				C6FA2EEE29FA8F8400726A0A /* AlertView */,
				C6FA2F1729FE6FA300726A0A /* SkeletonVIew */,
			);
			path = Components;
			sourceTree = "<group>";
		};
		C6490D9129C38565003F4A2F /* ViewController */ = {
			isa = PBXGroup;
			children = (
				C6490D8529BA0BBC003F4A2F /* SignInViewController.swift */,
				C6FA2F1329FE649E00726A0A /* PasswordResetViewController.swift */,
			);
			path = ViewController;
			sourceTree = "<group>";
		};
		C6490D9829C8C435003F4A2F /* SignUp */ = {
			isa = PBXGroup;
			children = (
				C6BC2E6D29E88A3400205F1C /* BaseSignUpViewController */,
				C6490D9A29C8C460003F4A2F /* ViewControllers */,
			);
			path = SignUp;
			sourceTree = "<group>";
		};
		C6490D9929C8C444003F4A2F /* SignIn */ = {
			isa = PBXGroup;
			children = (
				C6490D9129C38565003F4A2F /* ViewController */,
			);
			path = SignIn;
			sourceTree = "<group>";
		};
		C6490D9A29C8C460003F4A2F /* ViewControllers */ = {
			isa = PBXGroup;
			children = (
				C6FA2EE029F8379500726A0A /* SignUpViewController1.swift */,
				C6FA2EE229F837FD00726A0A /* SignUpViewController2.swift */,
				C6FA2EE429F838BD00726A0A /* SignUpViewController3.swift */,
				C6FA2EE629F8396000726A0A /* SignUpViewController4.swift */,
				C6490DD729DDF307003F4A2F /* SignUpViewController5.swift */,
				C6CC0BA329E847940070BC50 /* SignUpViewController6.swift */,
				C6CC0BAE29E854BE0070BC50 /* SignUpViewController7.swift */,
				C6490DA429D04F8B003F4A2F /* SignUpViewController_final.swift */,
			);
			path = ViewControllers;
			sourceTree = "<group>";
		};
		C6490D9F29C8D4FD003F4A2F /* Lottie Animations */ = {
			isa = PBXGroup;
			children = (
				C6490DA029C8D54C003F4A2F /* DroppedDog.json */,
				C6490DA229C8D7F9003F4A2F /* WatchingDog.json */,
				C6490DA829D06407003F4A2F /* ReadyCoala.json */,
				C6490DBE29D1DF02003F4A2F /* PersonalOption.json */,
				C6490DC029D1DF12003F4A2F /* CompanyOption.json */,
				C6490DCA29D5BA8B003F4A2F /* SadDog.json */,
				C6CC0B9C29E749DC0070BC50 /* Success.json */,
				C6FA2EF129FAE87800726A0A /* Loading.json */,
			);
			path = "Lottie Animations";
			sourceTree = "<group>";
		};
		C6490DAE29D1A73A003F4A2F /* Buttons */ = {
			isa = PBXGroup;
			children = (
				C6490D9229C387F7003F4A2F /* AuthButton.swift */,
				C6490D9429C8AB97003F4A2F /* OptionButton.swift */,
				C6490DAC29D184DC003F4A2F /* SectionButton.swift */,
			);
			path = Buttons;
			sourceTree = "<group>";
		};
		C6490DAF29D1A743003F4A2F /* Labels */ = {
			isa = PBXGroup;
			children = (
				C6490D9B29C8C4B2003F4A2F /* PromptView.swift */,
				C6490DAA29D15B92003F4A2F /* LabelView.swift */,
			);
			path = Labels;
			sourceTree = "<group>";
		};
		C6490DB029D1A74A003F4A2F /* TextField */ = {
			isa = PBXGroup;
			children = (
				C6490D8E29C38556003F4A2F /* AuthTextField.swift */,
				C6FA2F1E29FFEBB700726A0A /* PriceTextField.swift */,
			);
			path = TextField;
			sourceTree = "<group>";
		};
		C6490DB729D1B29A003F4A2F /* View */ = {
			isa = PBXGroup;
			children = (
				C6490DB929D1C4B6003F4A2F /* CardCollectionView */,
				C6490DB829D1C3EA003F4A2F /* ChapterCollectionView */,
			);
			path = View;
			sourceTree = "<group>";
		};
		C6490DB829D1C3EA003F4A2F /* ChapterCollectionView */ = {
			isa = PBXGroup;
			children = (
				C6490DB329D1B284003F4A2F /* ChapterCollectionViewCell.swift */,
				C6490DB529D1B295003F4A2F /* ChapterCollectionView.swift */,
			);
			path = ChapterCollectionView;
			sourceTree = "<group>";
		};
		C6490DB929D1C4B6003F4A2F /* CardCollectionView */ = {
			isa = PBXGroup;
			children = (
				C6490DBC29D1CBE4003F4A2F /* CardCollectionView.swift */,
				C6490DBA29D1C4EC003F4A2F /* CardCollectionViewCell.swift */,
				C6490DD329DDA334003F4A2F /* CardCollectionHeaderView.swift */,
			);
			path = CardCollectionView;
			sourceTree = "<group>";
		};
		C6490DC229D31DD0003F4A2F /* Detail */ = {
			isa = PBXGroup;
			children = (
				C6490DC329D31DEC003F4A2F /* DetailViewController.swift */,
				C6490DCE29DD6061003F4A2F /* PhotosController */,
			);
			path = Detail;
			sourceTree = "<group>";
		};
		C6490DC729D4A890003F4A2F /* BottomSheet */ = {
			isa = PBXGroup;
			children = (
				C6FA2EC029F4426700726A0A /* BottomSheetViewController */,
				C6FA2EBF29F4425A00726A0A /* BottomSheetView */,
			);
			path = BottomSheet;
			sourceTree = "<group>";
		};
		C6490DCE29DD6061003F4A2F /* PhotosController */ = {
			isa = PBXGroup;
			children = (
				C6490DCC29DD5FC5003F4A2F /* PhotosPageViewController.swift */,
				C6490DCF29DD6090003F4A2F /* PhotoFrameViewController.swift */,
			);
			path = PhotosController;
			sourceTree = "<group>";
		};
		C6490DDB29E0659B003F4A2F /* Favorites */ = {
			isa = PBXGroup;
			children = (
				C6490DD929E06596003F4A2F /* FavoritesViewController.swift */,
			);
			path = Favorites;
			sourceTree = "<group>";
		};
		C6490DDC29E071BD003F4A2F /* View */ = {
			isa = PBXGroup;
			children = (
				C6CC0B9629E729BB0070BC50 /* PhotoCollectionView.swift */,
				C6CC0B9829E72A820070BC50 /* PhotoCollectionViewCell.swift */,
			);
			path = View;
			sourceTree = "<group>";
		};
		C6490DDF29E07A26003F4A2F /* ViewController */ = {
			isa = PBXGroup;
			children = (
				C6490DE529E5A404003F4A2F /* Publications */,
				C6490DE629E5A425003F4A2F /* Post */,
			);
			path = ViewController;
			sourceTree = "<group>";
		};
		C6490DE429E59E47003F4A2F /* ViewController */ = {
			isa = PBXGroup;
			children = (
				C6C450FE298FF58E0094FF5A /* SearchViewController.swift */,
			);
			path = ViewController;
			sourceTree = "<group>";
		};
		C6490DE529E5A404003F4A2F /* Publications */ = {
			isa = PBXGroup;
			children = (
				C6C45104298FF6070094FF5A /* PublicationsViewController.swift */,
				C6490DE029E07A40003F4A2F /* OwnDetailViewController.swift */,
			);
			path = Publications;
			sourceTree = "<group>";
		};
		C6490DE629E5A425003F4A2F /* Post */ = {
			isa = PBXGroup;
			children = (
				C6490DE229E1C228003F4A2F /* PostViewController_1.swift */,
				C6490DE729E5A438003F4A2F /* PostViewController_2.swift */,
				C6490DE929E5AFD1003F4A2F /* PostViewController_3.swift */,
				C6490DF429E5D830003F4A2F /* PostViewController_4.swift */,
				C6490DF629E5E5DA003F4A2F /* PostViewController_5.swift */,
				C6CC0B9229E606150070BC50 /* PostViewController_6.swift */,
				C6CC0B9429E727170070BC50 /* PostViewController_7.swift */,
				C6FA2F1C29FFDE1600726A0A /* PostViewController_8.swift */,
				C6CC0B9A29E748320070BC50 /* PostViewController_Final.swift */,
			);
			path = Post;
			sourceTree = "<group>";
		};
		C6490DED29E5BE27003F4A2F /* Model */ = {
			isa = PBXGroup;
			children = (
				C6FA2EF829FC181900726A0A /* Geo */,
				C6490DEB29E5BE1B003F4A2F /* Breed.swift */,
				C6FA2EEF29FAA9F600726A0A /* PawpetUser.swift */,
				C6FA2F1A29FFBC7C00726A0A /* Publication.swift */,
			);
			path = Model;
			sourceTree = "<group>";
		};
		C6490DF229E5D7FF003F4A2F /* PickerView */ = {
			isa = PBXGroup;
			children = (
				C6490DF029E5D7F9003F4A2F /* AgePickerView.swift */,
			);
			path = PickerView;
			sourceTree = "<group>";
		};
		C6490DF329E5D809003F4A2F /* SegmentedControl */ = {
			isa = PBXGroup;
			children = (
				C6490DB129D1A761003F4A2F /* CustomSegmentedControl.swift */,
			);
			path = SegmentedControl;
			sourceTree = "<group>";
		};
		C6BC2E6D29E88A3400205F1C /* BaseSignUpViewController */ = {
			isa = PBXGroup;
			children = (
				C6BC2E6B29E889F200205F1C /* BaseSignUpViewController.swift */,
				C6FA2EF629FC169100726A0A /* GeoSelectionViewController.swift */,
			);
			path = BaseSignUpViewController;
			sourceTree = "<group>";
		};
		C6C450C0298FF2920094FF5A = {
			isa = PBXGroup;
			children = (
				C6C450CB298FF2920094FF5A /* Pawpet */,
				C6C450E2298FF2930094FF5A /* PawpetTests */,
				C6C450EC298FF2930094FF5A /* PawpetUITests */,
				C6C450CA298FF2920094FF5A /* Products */,
				95C90ECD9C0F2DDCC6B45991 /* Pods */,
				7A57AB101EC0833A6B81A55C /* Frameworks */,
			);
			sourceTree = "<group>";
		};
		C6C450CA298FF2920094FF5A /* Products */ = {
			isa = PBXGroup;
			children = (
				C6C450C9298FF2920094FF5A /* Pawpet.app */,
				C6C450DF298FF2930094FF5A /* PawpetTests.xctest */,
				C6C450E9298FF2930094FF5A /* PawpetUITests.xctest */,
			);
			name = Products;
			sourceTree = "<group>";
		};
		C6C450CB298FF2920094FF5A /* Pawpet */ = {
			isa = PBXGroup;
			children = (
				C6C45106298FF6160094FF5A /* Application */,
				C6490DED29E5BE27003F4A2F /* Model */,
				C6C45107298FF6580094FF5A /* Modules */,
				C6490D8429BA05E1003F4A2F /* Resourses */,
				C6490D8329BA05D7003F4A2F /* Extension */,
				C6FA2EEB29F850CA00726A0A /* Service */,
			);
			path = Pawpet;
			sourceTree = "<group>";
		};
		C6C450E2298FF2930094FF5A /* PawpetTests */ = {
			isa = PBXGroup;
			children = (
				C6C450E3298FF2930094FF5A /* PawpetTests.swift */,
			);
			path = PawpetTests;
			sourceTree = "<group>";
		};
		C6C450EC298FF2930094FF5A /* PawpetUITests */ = {
			isa = PBXGroup;
			children = (
				C6C450ED298FF2930094FF5A /* PawpetUITests.swift */,
				C6C450EF298FF2930094FF5A /* PawpetUITestsLaunchTests.swift */,
			);
			path = PawpetUITests;
			sourceTree = "<group>";
		};
		C6C45106298FF6160094FF5A /* Application */ = {
			isa = PBXGroup;
			children = (
				C6C450CC298FF2920094FF5A /* AppDelegate.swift */,
				C6C450D7298FF2930094FF5A /* LaunchScreen.storyboard */,
				C6FA2EDC29F557E300726A0A /* GoogleService-Info.plist */,
				C6C450DA298FF2930094FF5A /* Info.plist */,
			);
			path = Application;
			sourceTree = "<group>";
		};
		C6C45107298FF6580094FF5A /* Modules */ = {
			isa = PBXGroup;
			children = (
				C6C450FC298FF5310094FF5A /* MainTabBarController.swift */,
				C6490D8729BA0BC0003F4A2F /* Authorization */,
				C6490DC229D31DD0003F4A2F /* Detail */,
				C6C4510A298FF6740094FF5A /* Search */,
				C6C45108298FF6690094FF5A /* Post */,
				C6C4510B298FF6790094FF5A /* Profile */,
				C6490D9029C3855D003F4A2F /* Components */,
			);
			path = Modules;
			sourceTree = "<group>";
		};
		C6C45108298FF6690094FF5A /* Post */ = {
			isa = PBXGroup;
			children = (
				C6490DDC29E071BD003F4A2F /* View */,
				C6490DDF29E07A26003F4A2F /* ViewController */,
			);
			path = Post;
			sourceTree = "<group>";
		};
		C6C4510A298FF6740094FF5A /* Search */ = {
			isa = PBXGroup;
			children = (
				C6FA2EC629F4608300726A0A /* Main Search */,
				C6FA2EB929F30B1D00726A0A /* Parameters Search */,
			);
			path = Search;
			sourceTree = "<group>";
		};
		C6C4510B298FF6790094FF5A /* Profile */ = {
			isa = PBXGroup;
			children = (
				C6C45100298FF5990094FF5A /* ProfileViewController.swift */,
				C6490DDB29E0659B003F4A2F /* Favorites */,
				C6FA2EB029F2ECC000726A0A /* Edit */,
			);
			path = Profile;
			sourceTree = "<group>";
		};
		C6CC0B9129E605F30070BC50 /* TextView */ = {
			isa = PBXGroup;
			children = (
				C6CC0B8F29E605F00070BC50 /* DynamicTextView.swift */,
			);
			path = TextView;
			sourceTree = "<group>";
		};
		C6CC0BAD29E853930070BC50 /* Geo */ = {
			isa = PBXGroup;
			children = (
				C6CC0BAB29E8538C0070BC50 /* countries.json */,
			);
			path = Geo;
			sourceTree = "<group>";
		};
		C6FA2EB029F2ECC000726A0A /* Edit */ = {
			isa = PBXGroup;
			children = (
				C6FA2F0229FD2AE100726A0A /* ViewController */,
				C6FA2F0329FD2AF300726A0A /* View */,
			);
			path = Edit;
			sourceTree = "<group>";
		};
		C6FA2EB929F30B1D00726A0A /* Parameters Search */ = {
			isa = PBXGroup;
			children = (
				C6FA2EC729F4609E00726A0A /* ViewController */,
				C6FA2EC529F4604600726A0A /* View */,
			);
			path = "Parameters Search";
			sourceTree = "<group>";
		};
		C6FA2EBC29F4344200726A0A /* SelectionView */ = {
			isa = PBXGroup;
			children = (
				C6FA2EBA29F4343F00726A0A /* BreedSelectionViewController.swift */,
				C6FA2EBD29F43D7C00726A0A /* AnimalSelectionView.swift */,
				C6FA2ED829F54E0B00726A0A /* AgeSelectionView.swift */,
			);
			path = SelectionView;
			sourceTree = "<group>";
		};
		C6FA2EBF29F4425A00726A0A /* BottomSheetView */ = {
			isa = PBXGroup;
			children = (
				C6490DC529D31F90003F4A2F /* BottomSheetView.swift */,
				C6490DC829D4A8D1003F4A2F /* CardInfoBottomSheetView.swift */,
			);
			path = BottomSheetView;
			sourceTree = "<group>";
		};
		C6FA2EC029F4426700726A0A /* BottomSheetViewController */ = {
			isa = PBXGroup;
			children = (
				C6FA2EC129F4428F00726A0A /* BottomSheetViewController.swift */,
				C6FA2EC329F4535E00726A0A /* AnimalSelectionBottomSheetViewController.swift */,
				C6FA2ED029F53C8400726A0A /* AgeSelectionBottomSheetViewController.swift */,
				C6FA2ED229F53E6C00726A0A /* GenderSelectionBottomSheetViewController.swift */,
				C6FA2F222A01951700726A0A /* CurrencySelectionBottomSheetViewController.swift */,
			);
			path = BottomSheetViewController;
			sourceTree = "<group>";
		};
		C6FA2EC529F4604600726A0A /* View */ = {
			isa = PBXGroup;
			children = (
				C6FA2EB529F3006100726A0A /* DoubleTFTableViewCell.swift */,
				C6FA2EB729F30B1500726A0A /* ButtonTableViewCell.swift */,
				C6FA2ECA29F460FC00726A0A /* CityTableViewCell.swift */,
			);
			path = View;
			sourceTree = "<group>";
		};
		C6FA2EC629F4608300726A0A /* Main Search */ = {
			isa = PBXGroup;
			children = (
				C6490DE429E59E47003F4A2F /* ViewController */,
				C6490DB729D1B29A003F4A2F /* View */,
			);
			path = "Main Search";
			sourceTree = "<group>";
		};
		C6FA2EC729F4609E00726A0A /* ViewController */ = {
			isa = PBXGroup;
			children = (
				C6FA2EB329F2F8DA00726A0A /* ParametersViewController.swift */,
				C6FA2EC829F460C000726A0A /* RegionTableViewController.swift */,
				C6FA2ECC29F52D2000726A0A /* BreedViewController.swift */,
			);
			path = ViewController;
			sourceTree = "<group>";
		};
		C6FA2EEB29F850CA00726A0A /* Service */ = {
			isa = PBXGroup;
			children = (
				C6FA2EE929F850BA00726A0A /* FireStoreManager.swift */,
			);
			path = Service;
			sourceTree = "<group>";
		};
		C6FA2EEE29FA8F8400726A0A /* AlertView */ = {
			isa = PBXGroup;
			children = (
				C6FA2EEC29FA8F7F00726A0A /* ErrorAlertView.swift */,
				C6FA2F0829FD2F2500726A0A /* SuccessAlertView.swift */,
			);
			path = AlertView;
			sourceTree = "<group>";
		};
		C6FA2EF529FC036300726A0A /* Loading */ = {
			isa = PBXGroup;
			children = (
				C6FA2EF329FC035A00726A0A /* LoadingViewController.swift */,
			);
			path = Loading;
			sourceTree = "<group>";
		};
		C6FA2EF829FC181900726A0A /* Geo */ = {
			isa = PBXGroup;
			children = (
				C6FA2EF929FC182A00726A0A /* GeoObject.swift */,
				C6CC0B9E29E8361F0070BC50 /* Country.swift */,
			);
			path = Geo;
			sourceTree = "<group>";
		};
		C6FA2EFF29FC2CC300726A0A /* Geo */ = {
			isa = PBXGroup;
			children = (
				C6FA2EFB29FC2C6700726A0A /* CountryChangeViewController.swift */,
				C6FA2EFD29FC2CAF00726A0A /* CityChangeViewController.swift */,
			);
			path = Geo;
			sourceTree = "<group>";
		};
		C6FA2F0229FD2AE100726A0A /* ViewController */ = {
			isa = PBXGroup;
			children = (
				C6FA2F0429FD2B0D00726A0A /* Main */,
				C6FA2EFF29FC2CC300726A0A /* Geo */,
				C6FA2F0529FD2B1F00726A0A /* Creditonals */,
			);
			path = ViewController;
			sourceTree = "<group>";
		};
		C6FA2F0329FD2AF300726A0A /* View */ = {
			isa = PBXGroup;
			children = (
				C6FA2EB129F2ECE500726A0A /* TextFieldTableViewCell.swift */,
				C6FA2F0029FC375000726A0A /* EditableTableViewCell.swift */,
			);
			path = View;
			sourceTree = "<group>";
		};
		C6FA2F0429FD2B0D00726A0A /* Main */ = {
			isa = PBXGroup;
			children = (
				C6FA2EAE29F2B76200726A0A /* ProfileEditViewController.swift */,
			);
			path = Main;
			sourceTree = "<group>";
		};
		C6FA2F0529FD2B1F00726A0A /* Creditonals */ = {
			isa = PBXGroup;
			children = (
				C6FA2F1029FD798D00726A0A /* Email */,
				C6FA2F1129FD799300726A0A /* Phone */,
				C6FA2F1229FD79A300726A0A /* Password */,
			);
			path = Creditonals;
			sourceTree = "<group>";
		};
		C6FA2F1029FD798D00726A0A /* Email */ = {
			isa = PBXGroup;
			children = (
				C6FA2F0629FD2B4E00726A0A /* EmailChangeViewController.swift */,
			);
			path = Email;
			sourceTree = "<group>";
		};
		C6FA2F1129FD799300726A0A /* Phone */ = {
			isa = PBXGroup;
			children = (
				C6FA2F0A29FD625700726A0A /* PNChangeViewController1.swift */,
				C6FA2F0C29FD678700726A0A /* PNChangeViewController2.swift */,
			);
			path = Phone;
			sourceTree = "<group>";
		};
		C6FA2F1229FD79A300726A0A /* Password */ = {
			isa = PBXGroup;
			children = (
				C6FA2F0E29FD798500726A0A /* PasswordChangeViewController.swift */,
			);
			path = Password;
			sourceTree = "<group>";
		};
		C6FA2F1729FE6FA300726A0A /* SkeletonVIew */ = {
			isa = PBXGroup;
			children = (
				C6FA2F1529FE6F9F00726A0A /* SkeletonView.swift */,
				C6FA2F1829FE874100726A0A /* ProfileSkeletonView.swift */,
			);
			path = SkeletonVIew;
			sourceTree = "<group>";
		};
/* End PBXGroup section */

/* Begin PBXNativeTarget section */
		C6C450C8298FF2920094FF5A /* Pawpet */ = {
			isa = PBXNativeTarget;
			buildConfigurationList = C6C450F3298FF2930094FF5A /* Build configuration list for PBXNativeTarget "Pawpet" */;
			buildPhases = (
				C9FE903865EE4D28029BCCCE /* [CP] Check Pods Manifest.lock */,
				C6C450C5298FF2920094FF5A /* Sources */,
				C6C450C6298FF2920094FF5A /* Frameworks */,
				C6C450C7298FF2920094FF5A /* Resources */,
				F7BAFB1B310294EC255C3893 /* [CP] Embed Pods Frameworks */,
			);
			buildRules = (
			);
			dependencies = (
			);
			name = Pawpet;
			productName = Pawpet;
			productReference = C6C450C9298FF2920094FF5A /* Pawpet.app */;
			productType = "com.apple.product-type.application";
		};
		C6C450DE298FF2930094FF5A /* PawpetTests */ = {
			isa = PBXNativeTarget;
			buildConfigurationList = C6C450F6298FF2930094FF5A /* Build configuration list for PBXNativeTarget "PawpetTests" */;
			buildPhases = (
				3EFDDD67D5CB32BC34A4FE42 /* [CP] Check Pods Manifest.lock */,
				C6C450DB298FF2930094FF5A /* Sources */,
				C6C450DC298FF2930094FF5A /* Frameworks */,
				C6C450DD298FF2930094FF5A /* Resources */,
			);
			buildRules = (
			);
			dependencies = (
				C6C450E1298FF2930094FF5A /* PBXTargetDependency */,
			);
			name = PawpetTests;
			productName = PawpetTests;
			productReference = C6C450DF298FF2930094FF5A /* PawpetTests.xctest */;
			productType = "com.apple.product-type.bundle.unit-test";
		};
		C6C450E8298FF2930094FF5A /* PawpetUITests */ = {
			isa = PBXNativeTarget;
			buildConfigurationList = C6C450F9298FF2930094FF5A /* Build configuration list for PBXNativeTarget "PawpetUITests" */;
			buildPhases = (
				C800E57C18A57A020CA50BFC /* [CP] Check Pods Manifest.lock */,
				C6C450E5298FF2930094FF5A /* Sources */,
				C6C450E6298FF2930094FF5A /* Frameworks */,
				C6C450E7298FF2930094FF5A /* Resources */,
				CD339EA28D179ED79D5EDE94 /* [CP] Embed Pods Frameworks */,
			);
			buildRules = (
			);
			dependencies = (
				C6C450EB298FF2930094FF5A /* PBXTargetDependency */,
			);
			name = PawpetUITests;
			productName = PawpetUITests;
			productReference = C6C450E9298FF2930094FF5A /* PawpetUITests.xctest */;
			productType = "com.apple.product-type.bundle.ui-testing";
		};
/* End PBXNativeTarget section */

/* Begin PBXProject section */
		C6C450C1298FF2920094FF5A /* Project object */ = {
			isa = PBXProject;
			attributes = {
				BuildIndependentTargetsInParallel = 1;
				LastSwiftUpdateCheck = 1420;
				LastUpgradeCheck = 1420;
				TargetAttributes = {
					C6C450C8298FF2920094FF5A = {
						CreatedOnToolsVersion = 14.2;
					};
					C6C450DE298FF2930094FF5A = {
						CreatedOnToolsVersion = 14.2;
						TestTargetID = C6C450C8298FF2920094FF5A;
					};
					C6C450E8298FF2930094FF5A = {
						CreatedOnToolsVersion = 14.2;
						TestTargetID = C6C450C8298FF2920094FF5A;
					};
				};
			};
			buildConfigurationList = C6C450C4298FF2920094FF5A /* Build configuration list for PBXProject "Pawpet" */;
			compatibilityVersion = "Xcode 13.0";
			developmentRegion = en;
			hasScannedForEncodings = 0;
			knownRegions = (
				en,
				Base,
			);
			mainGroup = C6C450C0298FF2920094FF5A;
			productRefGroup = C6C450CA298FF2920094FF5A /* Products */;
			projectDirPath = "";
			projectRoot = "";
			targets = (
				C6C450C8298FF2920094FF5A /* Pawpet */,
				C6C450DE298FF2930094FF5A /* PawpetTests */,
				C6C450E8298FF2930094FF5A /* PawpetUITests */,
			);
		};
/* End PBXProject section */

/* Begin PBXResourcesBuildPhase section */
		C6C450C7298FF2920094FF5A /* Resources */ = {
			isa = PBXResourcesBuildPhase;
			buildActionMask = 2147483647;
			files = (
				C6490DCB29D5BA8B003F4A2F /* SadDog.json in Resources */,
				C6490DA129C8D54C003F4A2F /* DroppedDog.json in Resources */,
				C6490DBF29D1DF02003F4A2F /* PersonalOption.json in Resources */,
				C6C450D9298FF2930094FF5A /* LaunchScreen.storyboard in Resources */,
				C6CC0B9D29E749DC0070BC50 /* Success.json in Resources */,
				C6FA2EF229FAE87800726A0A /* Loading.json in Resources */,
				C6490DA329C8D7F9003F4A2F /* WatchingDog.json in Resources */,
				C6490DA929D06407003F4A2F /* ReadyCoala.json in Resources */,
				C6490DC129D1DF12003F4A2F /* CompanyOption.json in Resources */,
				C6FA2EDD29F557E300726A0A /* GoogleService-Info.plist in Resources */,
				C6CC0BAC29E8538C0070BC50 /* countries.json in Resources */,
				C6C450D6298FF2930094FF5A /* Assets.xcassets in Resources */,
			);
			runOnlyForDeploymentPostprocessing = 0;
		};
		C6C450DD298FF2930094FF5A /* Resources */ = {
			isa = PBXResourcesBuildPhase;
			buildActionMask = 2147483647;
			files = (
			);
			runOnlyForDeploymentPostprocessing = 0;
		};
		C6C450E7298FF2930094FF5A /* Resources */ = {
			isa = PBXResourcesBuildPhase;
			buildActionMask = 2147483647;
			files = (
			);
			runOnlyForDeploymentPostprocessing = 0;
		};
/* End PBXResourcesBuildPhase section */

/* Begin PBXShellScriptBuildPhase section */
		3EFDDD67D5CB32BC34A4FE42 /* [CP] Check Pods Manifest.lock */ = {
			isa = PBXShellScriptBuildPhase;
			buildActionMask = 2147483647;
			files = (
			);
			inputFileListPaths = (
			);
			inputPaths = (
				"${PODS_PODFILE_DIR_PATH}/Podfile.lock",
				"${PODS_ROOT}/Manifest.lock",
			);
			name = "[CP] Check Pods Manifest.lock";
			outputFileListPaths = (
			);
			outputPaths = (
				"$(DERIVED_FILE_DIR)/Pods-PawpetTests-checkManifestLockResult.txt",
			);
			runOnlyForDeploymentPostprocessing = 0;
			shellPath = /bin/sh;
			shellScript = "diff \"${PODS_PODFILE_DIR_PATH}/Podfile.lock\" \"${PODS_ROOT}/Manifest.lock\" > /dev/null\nif [ $? != 0 ] ; then\n    # print error to STDERR\n    echo \"error: The sandbox is not in sync with the Podfile.lock. Run 'pod install' or update your CocoaPods installation.\" >&2\n    exit 1\nfi\n# This output is used by Xcode 'outputs' to avoid re-running this script phase.\necho \"SUCCESS\" > \"${SCRIPT_OUTPUT_FILE_0}\"\n";
			showEnvVarsInLog = 0;
		};
		C800E57C18A57A020CA50BFC /* [CP] Check Pods Manifest.lock */ = {
			isa = PBXShellScriptBuildPhase;
			buildActionMask = 2147483647;
			files = (
			);
			inputFileListPaths = (
			);
			inputPaths = (
				"${PODS_PODFILE_DIR_PATH}/Podfile.lock",
				"${PODS_ROOT}/Manifest.lock",
			);
			name = "[CP] Check Pods Manifest.lock";
			outputFileListPaths = (
			);
			outputPaths = (
				"$(DERIVED_FILE_DIR)/Pods-Pawpet-PawpetUITests-checkManifestLockResult.txt",
			);
			runOnlyForDeploymentPostprocessing = 0;
			shellPath = /bin/sh;
			shellScript = "diff \"${PODS_PODFILE_DIR_PATH}/Podfile.lock\" \"${PODS_ROOT}/Manifest.lock\" > /dev/null\nif [ $? != 0 ] ; then\n    # print error to STDERR\n    echo \"error: The sandbox is not in sync with the Podfile.lock. Run 'pod install' or update your CocoaPods installation.\" >&2\n    exit 1\nfi\n# This output is used by Xcode 'outputs' to avoid re-running this script phase.\necho \"SUCCESS\" > \"${SCRIPT_OUTPUT_FILE_0}\"\n";
			showEnvVarsInLog = 0;
		};
		C9FE903865EE4D28029BCCCE /* [CP] Check Pods Manifest.lock */ = {
			isa = PBXShellScriptBuildPhase;
			buildActionMask = 2147483647;
			files = (
			);
			inputFileListPaths = (
			);
			inputPaths = (
				"${PODS_PODFILE_DIR_PATH}/Podfile.lock",
				"${PODS_ROOT}/Manifest.lock",
			);
			name = "[CP] Check Pods Manifest.lock";
			outputFileListPaths = (
			);
			outputPaths = (
				"$(DERIVED_FILE_DIR)/Pods-Pawpet-checkManifestLockResult.txt",
			);
			runOnlyForDeploymentPostprocessing = 0;
			shellPath = /bin/sh;
			shellScript = "diff \"${PODS_PODFILE_DIR_PATH}/Podfile.lock\" \"${PODS_ROOT}/Manifest.lock\" > /dev/null\nif [ $? != 0 ] ; then\n    # print error to STDERR\n    echo \"error: The sandbox is not in sync with the Podfile.lock. Run 'pod install' or update your CocoaPods installation.\" >&2\n    exit 1\nfi\n# This output is used by Xcode 'outputs' to avoid re-running this script phase.\necho \"SUCCESS\" > \"${SCRIPT_OUTPUT_FILE_0}\"\n";
			showEnvVarsInLog = 0;
		};
		CD339EA28D179ED79D5EDE94 /* [CP] Embed Pods Frameworks */ = {
			isa = PBXShellScriptBuildPhase;
			buildActionMask = 2147483647;
			files = (
			);
			inputFileListPaths = (
				"${PODS_ROOT}/Target Support Files/Pods-Pawpet-PawpetUITests/Pods-Pawpet-PawpetUITests-frameworks-${CONFIGURATION}-input-files.xcfilelist",
			);
			name = "[CP] Embed Pods Frameworks";
			outputFileListPaths = (
				"${PODS_ROOT}/Target Support Files/Pods-Pawpet-PawpetUITests/Pods-Pawpet-PawpetUITests-frameworks-${CONFIGURATION}-output-files.xcfilelist",
			);
			runOnlyForDeploymentPostprocessing = 0;
			shellPath = /bin/sh;
			shellScript = "\"${PODS_ROOT}/Target Support Files/Pods-Pawpet-PawpetUITests/Pods-Pawpet-PawpetUITests-frameworks.sh\"\n";
			showEnvVarsInLog = 0;
		};
		F7BAFB1B310294EC255C3893 /* [CP] Embed Pods Frameworks */ = {
			isa = PBXShellScriptBuildPhase;
			buildActionMask = 2147483647;
			files = (
			);
			inputFileListPaths = (
				"${PODS_ROOT}/Target Support Files/Pods-Pawpet/Pods-Pawpet-frameworks-${CONFIGURATION}-input-files.xcfilelist",
			);
			name = "[CP] Embed Pods Frameworks";
			outputFileListPaths = (
				"${PODS_ROOT}/Target Support Files/Pods-Pawpet/Pods-Pawpet-frameworks-${CONFIGURATION}-output-files.xcfilelist",
			);
			runOnlyForDeploymentPostprocessing = 0;
			shellPath = /bin/sh;
			shellScript = "\"${PODS_ROOT}/Target Support Files/Pods-Pawpet/Pods-Pawpet-frameworks.sh\"\n";
			showEnvVarsInLog = 0;
		};
/* End PBXShellScriptBuildPhase section */

/* Begin PBXSourcesBuildPhase section */
		C6C450C5298FF2920094FF5A /* Sources */ = {
			isa = PBXSourcesBuildPhase;
			buildActionMask = 2147483647;
			files = (
				C6490DD829DDF307003F4A2F /* SignUpViewController5.swift in Sources */,
				C6490DB429D1B284003F4A2F /* ChapterCollectionViewCell.swift in Sources */,
				C6490DD429DDA334003F4A2F /* CardCollectionHeaderView.swift in Sources */,
				C6490D8229BA0452003F4A2F /* UIColor + Extension.swift in Sources */,
				C6CC0B9529E727170070BC50 /* PostViewController_7.swift in Sources */,
				C6FA2ED929F54E0B00726A0A /* AgeSelectionView.swift in Sources */,
				C6FA2F0D29FD678700726A0A /* PNChangeViewController2.swift in Sources */,
				C6FA2EF729FC169100726A0A /* GeoSelectionViewController.swift in Sources */,
				C6FA2EC229F4428F00726A0A /* BottomSheetViewController.swift in Sources */,
				C6FA2ED129F53C8400726A0A /* AgeSelectionBottomSheetViewController.swift in Sources */,
				C6490DC429D31DEC003F4A2F /* DetailViewController.swift in Sources */,
				C6BC2E6C29E889F200205F1C /* BaseSignUpViewController.swift in Sources */,
				C6FA2ECD29F52D2000726A0A /* BreedViewController.swift in Sources */,
				C6490D9329C387F7003F4A2F /* AuthButton.swift in Sources */,
				C6CC0BAF29E854BE0070BC50 /* SignUpViewController7.swift in Sources */,
				C6FA2EC929F460C000726A0A /* RegionTableViewController.swift in Sources */,
				C6FA2ED329F53E6C00726A0A /* GenderSelectionBottomSheetViewController.swift in Sources */,
				C6490DA529D04F8B003F4A2F /* SignUpViewController_final.swift in Sources */,
				C6490DBD29D1CBE4003F4A2F /* CardCollectionView.swift in Sources */,
				C6FA2EE129F8379500726A0A /* SignUpViewController1.swift in Sources */,
				C6CC0B9729E729BB0070BC50 /* PhotoCollectionView.swift in Sources */,
				C6FA2EF429FC035A00726A0A /* LoadingViewController.swift in Sources */,
				C6CC0B9F29E8361F0070BC50 /* Country.swift in Sources */,
				C6FA2EE329F837FD00726A0A /* SignUpViewController2.swift in Sources */,
				C6FA2EC429F4535E00726A0A /* AnimalSelectionBottomSheetViewController.swift in Sources */,
				C6490DEA29E5AFD1003F4A2F /* PostViewController_3.swift in Sources */,
				C6490DB229D1A761003F4A2F /* CustomSegmentedControl.swift in Sources */,
				C6490DE329E1C228003F4A2F /* PostViewController_1.swift in Sources */,
				C6CC0B9B29E748320070BC50 /* PostViewController_Final.swift in Sources */,
				C6FA2F1629FE6F9F00726A0A /* SkeletonView.swift in Sources */,
				C6490DD629DDA96C003F4A2F /* Label + Extension.swift in Sources */,
				C6FA2EF029FAA9F600726A0A /* PawpetUser.swift in Sources */,
				C6CC0BA429E847940070BC50 /* SignUpViewController6.swift in Sources */,
				C6FA2EB829F30B1500726A0A /* ButtonTableViewCell.swift in Sources */,
				C6490DEC29E5BE1B003F4A2F /* Breed.swift in Sources */,
				C6CC0BA629E84C6F0070BC50 /* String + Extension.swift in Sources */,
				C6490D8629BA0BBC003F4A2F /* SignInViewController.swift in Sources */,
				C6FA2ECB29F460FC00726A0A /* CityTableViewCell.swift in Sources */,
				C6FA2F1B29FFBC7C00726A0A /* Publication.swift in Sources */,
				C6FA2EB429F2F8DA00726A0A /* ParametersViewController.swift in Sources */,
				C6C45105298FF6070094FF5A /* PublicationsViewController.swift in Sources */,
				C6FA2F0F29FD798600726A0A /* PasswordChangeViewController.swift in Sources */,
				C6FA2F1929FE874100726A0A /* ProfileSkeletonView.swift in Sources */,
				C6FA2EFA29FC182A00726A0A /* GeoObject.swift in Sources */,
				C6FA2F232A01951700726A0A /* CurrencySelectionBottomSheetViewController.swift in Sources */,
				C6490DCD29DD5FC5003F4A2F /* PhotosPageViewController.swift in Sources */,
				C6FA2EAF29F2B76200726A0A /* ProfileEditViewController.swift in Sources */,
				C6FA2EBE29F43D7C00726A0A /* AnimalSelectionView.swift in Sources */,
				C6FA2F0B29FD625700726A0A /* PNChangeViewController1.swift in Sources */,
				C6CC0B9029E605F00070BC50 /* DynamicTextView.swift in Sources */,
				C6FA2EB229F2ECE500726A0A /* TextFieldTableViewCell.swift in Sources */,
				C6490DC929D4A8D1003F4A2F /* CardInfoBottomSheetView.swift in Sources */,
				C6490DE129E07A40003F4A2F /* OwnDetailViewController.swift in Sources */,
				C6C450CD298FF2920094FF5A /* AppDelegate.swift in Sources */,
				C6C45101298FF5990094FF5A /* ProfileViewController.swift in Sources */,
				C6FA2F1429FE649E00726A0A /* PasswordResetViewController.swift in Sources */,
				C6C450FF298FF58E0094FF5A /* SearchViewController.swift in Sources */,
				C6490DAD29D184DC003F4A2F /* SectionButton.swift in Sources */,
				C6FA2EBB29F4343F00726A0A /* BreedSelectionViewController.swift in Sources */,
				C6FA2EB629F3006100726A0A /* DoubleTFTableViewCell.swift in Sources */,
				C6FA2F1F29FFEBB700726A0A /* PriceTextField.swift in Sources */,
				C6FA2F1D29FFDE1600726A0A /* PostViewController_8.swift in Sources */,
				C6CC0BB529E887200070BC50 /* UIViewController + Extension.swift in Sources */,
				C6C450FD298FF5310094FF5A /* MainTabBarController.swift in Sources */,
				C6490DBB29D1C4EC003F4A2F /* CardCollectionViewCell.swift in Sources */,
				C6490DF529E5D830003F4A2F /* PostViewController_4.swift in Sources */,
				C6490DAB29D15B92003F4A2F /* LabelView.swift in Sources */,
				C6FA2F272A0286C300726A0A /* Int + Extension.swift in Sources */,
				C6490DF129E5D7F9003F4A2F /* AgePickerView.swift in Sources */,
				C6FA2F0129FC375000726A0A /* EditableTableViewCell.swift in Sources */,
				C6FA2EE729F8396000726A0A /* SignUpViewController4.swift in Sources */,
				C6FA2EFE29FC2CAF00726A0A /* CityChangeViewController.swift in Sources */,
				C6490D8929C33E65003F4A2F /* UITextField + Extension.swift in Sources */,
				C6490D8F29C38556003F4A2F /* AuthTextField.swift in Sources */,
				C6FA2EED29FA8F7F00726A0A /* ErrorAlertView.swift in Sources */,
				C6FA2EE529F838BD00726A0A /* SignUpViewController3.swift in Sources */,
				C6FA2EFC29FC2C6700726A0A /* CountryChangeViewController.swift in Sources */,
				C6CC0B9329E606150070BC50 /* PostViewController_6.swift in Sources */,
				C6490D9529C8AB97003F4A2F /* OptionButton.swift in Sources */,
				C6490DE829E5A438003F4A2F /* PostViewController_2.swift in Sources */,
				C6490D9C29C8C4B2003F4A2F /* PromptView.swift in Sources */,
				C6FA2EEA29F850BA00726A0A /* FireStoreManager.swift in Sources */,
				C6FA2F0729FD2B4E00726A0A /* EmailChangeViewController.swift in Sources */,
				C6490DDA29E06596003F4A2F /* FavoritesViewController.swift in Sources */,
				C6490DB629D1B295003F4A2F /* ChapterCollectionView.swift in Sources */,
				C6CC0B9929E72A820070BC50 /* PhotoCollectionViewCell.swift in Sources */,
				C6FA2F0929FD2F2500726A0A /* SuccessAlertView.swift in Sources */,
				C6490DC629D31F90003F4A2F /* BottomSheetView.swift in Sources */,
				C6490DF729E5E5DA003F4A2F /* PostViewController_5.swift in Sources */,
				C6490DD029DD6090003F4A2F /* PhotoFrameViewController.swift in Sources */,
			);
			runOnlyForDeploymentPostprocessing = 0;
		};
		C6C450DB298FF2930094FF5A /* Sources */ = {
			isa = PBXSourcesBuildPhase;
			buildActionMask = 2147483647;
			files = (
				C6C450E4298FF2930094FF5A /* PawpetTests.swift in Sources */,
			);
			runOnlyForDeploymentPostprocessing = 0;
		};
		C6C450E5298FF2930094FF5A /* Sources */ = {
			isa = PBXSourcesBuildPhase;
			buildActionMask = 2147483647;
			files = (
				C6C450EE298FF2930094FF5A /* PawpetUITests.swift in Sources */,
				C6C450F0298FF2930094FF5A /* PawpetUITestsLaunchTests.swift in Sources */,
			);
			runOnlyForDeploymentPostprocessing = 0;
		};
/* End PBXSourcesBuildPhase section */

/* Begin PBXTargetDependency section */
		C6C450E1298FF2930094FF5A /* PBXTargetDependency */ = {
			isa = PBXTargetDependency;
			target = C6C450C8298FF2920094FF5A /* Pawpet */;
			targetProxy = C6C450E0298FF2930094FF5A /* PBXContainerItemProxy */;
		};
		C6C450EB298FF2930094FF5A /* PBXTargetDependency */ = {
			isa = PBXTargetDependency;
			target = C6C450C8298FF2920094FF5A /* Pawpet */;
			targetProxy = C6C450EA298FF2930094FF5A /* PBXContainerItemProxy */;
		};
/* End PBXTargetDependency section */

/* Begin PBXVariantGroup section */
		C6C450D7298FF2930094FF5A /* LaunchScreen.storyboard */ = {
			isa = PBXVariantGroup;
			children = (
				C6C450D8298FF2930094FF5A /* Base */,
			);
			name = LaunchScreen.storyboard;
			sourceTree = "<group>";
		};
/* End PBXVariantGroup section */

/* Begin XCBuildConfiguration section */
		C6C450F1298FF2930094FF5A /* Debug */ = {
			isa = XCBuildConfiguration;
			buildSettings = {
				ALWAYS_SEARCH_USER_PATHS = NO;
				CLANG_ANALYZER_NONNULL = YES;
				CLANG_ANALYZER_NUMBER_OBJECT_CONVERSION = YES_AGGRESSIVE;
				CLANG_CXX_LANGUAGE_STANDARD = "gnu++20";
				CLANG_ENABLE_MODULES = YES;
				CLANG_ENABLE_OBJC_ARC = YES;
				CLANG_ENABLE_OBJC_WEAK = YES;
				CLANG_WARN_BLOCK_CAPTURE_AUTORELEASING = YES;
				CLANG_WARN_BOOL_CONVERSION = YES;
				CLANG_WARN_COMMA = YES;
				CLANG_WARN_CONSTANT_CONVERSION = YES;
				CLANG_WARN_DEPRECATED_OBJC_IMPLEMENTATIONS = YES;
				CLANG_WARN_DIRECT_OBJC_ISA_USAGE = YES_ERROR;
				CLANG_WARN_DOCUMENTATION_COMMENTS = YES;
				CLANG_WARN_EMPTY_BODY = YES;
				CLANG_WARN_ENUM_CONVERSION = YES;
				CLANG_WARN_INFINITE_RECURSION = YES;
				CLANG_WARN_INT_CONVERSION = YES;
				CLANG_WARN_NON_LITERAL_NULL_CONVERSION = YES;
				CLANG_WARN_OBJC_IMPLICIT_RETAIN_SELF = YES;
				CLANG_WARN_OBJC_LITERAL_CONVERSION = YES;
				CLANG_WARN_OBJC_ROOT_CLASS = YES_ERROR;
				CLANG_WARN_QUOTED_INCLUDE_IN_FRAMEWORK_HEADER = YES;
				CLANG_WARN_RANGE_LOOP_ANALYSIS = YES;
				CLANG_WARN_STRICT_PROTOTYPES = YES;
				CLANG_WARN_SUSPICIOUS_MOVE = YES;
				CLANG_WARN_UNGUARDED_AVAILABILITY = YES_AGGRESSIVE;
				CLANG_WARN_UNREACHABLE_CODE = YES;
				CLANG_WARN__DUPLICATE_METHOD_MATCH = YES;
				COPY_PHASE_STRIP = NO;
				DEBUG_INFORMATION_FORMAT = dwarf;
				ENABLE_STRICT_OBJC_MSGSEND = YES;
				ENABLE_TESTABILITY = YES;
				GCC_C_LANGUAGE_STANDARD = gnu11;
				GCC_DYNAMIC_NO_PIC = NO;
				GCC_NO_COMMON_BLOCKS = YES;
				GCC_OPTIMIZATION_LEVEL = 0;
				GCC_PREPROCESSOR_DEFINITIONS = (
					"DEBUG=1",
					"$(inherited)",
				);
				GCC_WARN_64_TO_32_BIT_CONVERSION = YES;
				GCC_WARN_ABOUT_RETURN_TYPE = YES_ERROR;
				GCC_WARN_UNDECLARED_SELECTOR = YES;
				GCC_WARN_UNINITIALIZED_AUTOS = YES_AGGRESSIVE;
				GCC_WARN_UNUSED_FUNCTION = YES;
				GCC_WARN_UNUSED_VARIABLE = YES;
				IPHONEOS_DEPLOYMENT_TARGET = 16.2;
				MTL_ENABLE_DEBUG_INFO = INCLUDE_SOURCE;
				MTL_FAST_MATH = YES;
				ONLY_ACTIVE_ARCH = YES;
				SDKROOT = iphoneos;
				SWIFT_ACTIVE_COMPILATION_CONDITIONS = DEBUG;
				SWIFT_OPTIMIZATION_LEVEL = "-Onone";
			};
			name = Debug;
		};
		C6C450F2298FF2930094FF5A /* Release */ = {
			isa = XCBuildConfiguration;
			buildSettings = {
				ALWAYS_SEARCH_USER_PATHS = NO;
				CLANG_ANALYZER_NONNULL = YES;
				CLANG_ANALYZER_NUMBER_OBJECT_CONVERSION = YES_AGGRESSIVE;
				CLANG_CXX_LANGUAGE_STANDARD = "gnu++20";
				CLANG_ENABLE_MODULES = YES;
				CLANG_ENABLE_OBJC_ARC = YES;
				CLANG_ENABLE_OBJC_WEAK = YES;
				CLANG_WARN_BLOCK_CAPTURE_AUTORELEASING = YES;
				CLANG_WARN_BOOL_CONVERSION = YES;
				CLANG_WARN_COMMA = YES;
				CLANG_WARN_CONSTANT_CONVERSION = YES;
				CLANG_WARN_DEPRECATED_OBJC_IMPLEMENTATIONS = YES;
				CLANG_WARN_DIRECT_OBJC_ISA_USAGE = YES_ERROR;
				CLANG_WARN_DOCUMENTATION_COMMENTS = YES;
				CLANG_WARN_EMPTY_BODY = YES;
				CLANG_WARN_ENUM_CONVERSION = YES;
				CLANG_WARN_INFINITE_RECURSION = YES;
				CLANG_WARN_INT_CONVERSION = YES;
				CLANG_WARN_NON_LITERAL_NULL_CONVERSION = YES;
				CLANG_WARN_OBJC_IMPLICIT_RETAIN_SELF = YES;
				CLANG_WARN_OBJC_LITERAL_CONVERSION = YES;
				CLANG_WARN_OBJC_ROOT_CLASS = YES_ERROR;
				CLANG_WARN_QUOTED_INCLUDE_IN_FRAMEWORK_HEADER = YES;
				CLANG_WARN_RANGE_LOOP_ANALYSIS = YES;
				CLANG_WARN_STRICT_PROTOTYPES = YES;
				CLANG_WARN_SUSPICIOUS_MOVE = YES;
				CLANG_WARN_UNGUARDED_AVAILABILITY = YES_AGGRESSIVE;
				CLANG_WARN_UNREACHABLE_CODE = YES;
				CLANG_WARN__DUPLICATE_METHOD_MATCH = YES;
				COPY_PHASE_STRIP = NO;
				DEBUG_INFORMATION_FORMAT = "dwarf-with-dsym";
				ENABLE_NS_ASSERTIONS = NO;
				ENABLE_STRICT_OBJC_MSGSEND = YES;
				GCC_C_LANGUAGE_STANDARD = gnu11;
				GCC_NO_COMMON_BLOCKS = YES;
				GCC_WARN_64_TO_32_BIT_CONVERSION = YES;
				GCC_WARN_ABOUT_RETURN_TYPE = YES_ERROR;
				GCC_WARN_UNDECLARED_SELECTOR = YES;
				GCC_WARN_UNINITIALIZED_AUTOS = YES_AGGRESSIVE;
				GCC_WARN_UNUSED_FUNCTION = YES;
				GCC_WARN_UNUSED_VARIABLE = YES;
				IPHONEOS_DEPLOYMENT_TARGET = 16.2;
				MTL_ENABLE_DEBUG_INFO = NO;
				MTL_FAST_MATH = YES;
				SDKROOT = iphoneos;
				SWIFT_COMPILATION_MODE = wholemodule;
				SWIFT_OPTIMIZATION_LEVEL = "-O";
				VALIDATE_PRODUCT = YES;
			};
			name = Release;
		};
		C6C450F4298FF2930094FF5A /* Debug */ = {
			isa = XCBuildConfiguration;
			baseConfigurationReference = CAE1321DF715B8D0C58360EE /* Pods-Pawpet.debug.xcconfig */;
			buildSettings = {
				ASSETCATALOG_COMPILER_APPICON_NAME = AppIcon;
				ASSETCATALOG_COMPILER_GLOBAL_ACCENT_COLOR_NAME = AccentColor;
				CODE_SIGN_STYLE = Automatic;
				CURRENT_PROJECT_VERSION = 1;
				DEVELOPMENT_TEAM = 5QL6TNF9LL;
				GENERATE_INFOPLIST_FILE = YES;
				INFOPLIST_FILE = Pawpet/Application/Info.plist;
				INFOPLIST_KEY_UIApplicationSupportsIndirectInputEvents = YES;
				INFOPLIST_KEY_UILaunchStoryboardName = LaunchScreen;
				INFOPLIST_KEY_UISupportedInterfaceOrientations = UIInterfaceOrientationPortrait;
				INFOPLIST_KEY_UISupportedInterfaceOrientations_iPad = "UIInterfaceOrientationLandscapeLeft UIInterfaceOrientationLandscapeRight UIInterfaceOrientationPortrait UIInterfaceOrientationPortraitUpsideDown";
				IPHONEOS_DEPLOYMENT_TARGET = 15.0;
				LD_RUNPATH_SEARCH_PATHS = (
					"$(inherited)",
					"@executable_path/Frameworks",
				);
				MARKETING_VERSION = 1.0;
				PRODUCT_BUNDLE_IDENTIFIER = Miller.Pawpet;
				PRODUCT_NAME = "$(TARGET_NAME)";
				SWIFT_EMIT_LOC_STRINGS = YES;
				SWIFT_VERSION = 5.0;
				TARGETED_DEVICE_FAMILY = "1,2";
			};
			name = Debug;
		};
		C6C450F5298FF2930094FF5A /* Release */ = {
			isa = XCBuildConfiguration;
			baseConfigurationReference = B8C7A5D86C55FAF1867ED769 /* Pods-Pawpet.release.xcconfig */;
			buildSettings = {
				ASSETCATALOG_COMPILER_APPICON_NAME = AppIcon;
				ASSETCATALOG_COMPILER_GLOBAL_ACCENT_COLOR_NAME = AccentColor;
				CODE_SIGN_STYLE = Automatic;
				CURRENT_PROJECT_VERSION = 1;
				DEVELOPMENT_TEAM = 5QL6TNF9LL;
				GENERATE_INFOPLIST_FILE = YES;
				INFOPLIST_FILE = Pawpet/Application/Info.plist;
				INFOPLIST_KEY_UIApplicationSupportsIndirectInputEvents = YES;
				INFOPLIST_KEY_UILaunchStoryboardName = LaunchScreen;
				INFOPLIST_KEY_UISupportedInterfaceOrientations = UIInterfaceOrientationPortrait;
				INFOPLIST_KEY_UISupportedInterfaceOrientations_iPad = "UIInterfaceOrientationLandscapeLeft UIInterfaceOrientationLandscapeRight UIInterfaceOrientationPortrait UIInterfaceOrientationPortraitUpsideDown";
				IPHONEOS_DEPLOYMENT_TARGET = 15.0;
				LD_RUNPATH_SEARCH_PATHS = (
					"$(inherited)",
					"@executable_path/Frameworks",
				);
				MARKETING_VERSION = 1.0;
				PRODUCT_BUNDLE_IDENTIFIER = Miller.Pawpet;
				PRODUCT_NAME = "$(TARGET_NAME)";
				SWIFT_EMIT_LOC_STRINGS = YES;
				SWIFT_VERSION = 5.0;
				TARGETED_DEVICE_FAMILY = "1,2";
			};
			name = Release;
		};
		C6C450F7298FF2930094FF5A /* Debug */ = {
			isa = XCBuildConfiguration;
			baseConfigurationReference = 59F8C78011F09A509DD23609 /* Pods-PawpetTests.debug.xcconfig */;
			buildSettings = {
				ALWAYS_EMBED_SWIFT_STANDARD_LIBRARIES = YES;
				BUNDLE_LOADER = "$(TEST_HOST)";
				CODE_SIGN_STYLE = Automatic;
				CURRENT_PROJECT_VERSION = 1;
				DEVELOPMENT_TEAM = 5QL6TNF9LL;
				GENERATE_INFOPLIST_FILE = YES;
				IPHONEOS_DEPLOYMENT_TARGET = 16.2;
				MARKETING_VERSION = 1.0;
				PRODUCT_BUNDLE_IDENTIFIER = Miller.PawpetTests;
				PRODUCT_NAME = "$(TARGET_NAME)";
				SWIFT_EMIT_LOC_STRINGS = NO;
				SWIFT_VERSION = 5.0;
				TARGETED_DEVICE_FAMILY = "1,2";
				TEST_HOST = "$(BUILT_PRODUCTS_DIR)/Pawpet.app/$(BUNDLE_EXECUTABLE_FOLDER_PATH)/Pawpet";
			};
			name = Debug;
		};
		C6C450F8298FF2930094FF5A /* Release */ = {
			isa = XCBuildConfiguration;
			baseConfigurationReference = 734520AFB8E550129D209F62 /* Pods-PawpetTests.release.xcconfig */;
			buildSettings = {
				ALWAYS_EMBED_SWIFT_STANDARD_LIBRARIES = YES;
				BUNDLE_LOADER = "$(TEST_HOST)";
				CODE_SIGN_STYLE = Automatic;
				CURRENT_PROJECT_VERSION = 1;
				DEVELOPMENT_TEAM = 5QL6TNF9LL;
				GENERATE_INFOPLIST_FILE = YES;
				IPHONEOS_DEPLOYMENT_TARGET = 16.2;
				MARKETING_VERSION = 1.0;
				PRODUCT_BUNDLE_IDENTIFIER = Miller.PawpetTests;
				PRODUCT_NAME = "$(TARGET_NAME)";
				SWIFT_EMIT_LOC_STRINGS = NO;
				SWIFT_VERSION = 5.0;
				TARGETED_DEVICE_FAMILY = "1,2";
				TEST_HOST = "$(BUILT_PRODUCTS_DIR)/Pawpet.app/$(BUNDLE_EXECUTABLE_FOLDER_PATH)/Pawpet";
			};
			name = Release;
		};
		C6C450FA298FF2930094FF5A /* Debug */ = {
			isa = XCBuildConfiguration;
			baseConfigurationReference = CE6C03E76F5F4D825989EBFD /* Pods-Pawpet-PawpetUITests.debug.xcconfig */;
			buildSettings = {
				ALWAYS_EMBED_SWIFT_STANDARD_LIBRARIES = YES;
				CODE_SIGN_STYLE = Automatic;
				CURRENT_PROJECT_VERSION = 1;
				DEVELOPMENT_TEAM = 5QL6TNF9LL;
				GENERATE_INFOPLIST_FILE = YES;
				MARKETING_VERSION = 1.0;
				PRODUCT_BUNDLE_IDENTIFIER = Miller.PawpetUITests;
				PRODUCT_NAME = "$(TARGET_NAME)";
				SWIFT_EMIT_LOC_STRINGS = NO;
				SWIFT_VERSION = 5.0;
				TARGETED_DEVICE_FAMILY = "1,2";
				TEST_TARGET_NAME = Pawpet;
			};
			name = Debug;
		};
		C6C450FB298FF2930094FF5A /* Release */ = {
			isa = XCBuildConfiguration;
			baseConfigurationReference = AE3A27A1B3BB51435004AB95 /* Pods-Pawpet-PawpetUITests.release.xcconfig */;
			buildSettings = {
				ALWAYS_EMBED_SWIFT_STANDARD_LIBRARIES = YES;
				CODE_SIGN_STYLE = Automatic;
				CURRENT_PROJECT_VERSION = 1;
				DEVELOPMENT_TEAM = 5QL6TNF9LL;
				GENERATE_INFOPLIST_FILE = YES;
				MARKETING_VERSION = 1.0;
				PRODUCT_BUNDLE_IDENTIFIER = Miller.PawpetUITests;
				PRODUCT_NAME = "$(TARGET_NAME)";
				SWIFT_EMIT_LOC_STRINGS = NO;
				SWIFT_VERSION = 5.0;
				TARGETED_DEVICE_FAMILY = "1,2";
				TEST_TARGET_NAME = Pawpet;
			};
			name = Release;
		};
/* End XCBuildConfiguration section */

/* Begin XCConfigurationList section */
		C6C450C4298FF2920094FF5A /* Build configuration list for PBXProject "Pawpet" */ = {
			isa = XCConfigurationList;
			buildConfigurations = (
				C6C450F1298FF2930094FF5A /* Debug */,
				C6C450F2298FF2930094FF5A /* Release */,
			);
			defaultConfigurationIsVisible = 0;
			defaultConfigurationName = Release;
		};
		C6C450F3298FF2930094FF5A /* Build configuration list for PBXNativeTarget "Pawpet" */ = {
			isa = XCConfigurationList;
			buildConfigurations = (
				C6C450F4298FF2930094FF5A /* Debug */,
				C6C450F5298FF2930094FF5A /* Release */,
			);
			defaultConfigurationIsVisible = 0;
			defaultConfigurationName = Release;
		};
		C6C450F6298FF2930094FF5A /* Build configuration list for PBXNativeTarget "PawpetTests" */ = {
			isa = XCConfigurationList;
			buildConfigurations = (
				C6C450F7298FF2930094FF5A /* Debug */,
				C6C450F8298FF2930094FF5A /* Release */,
			);
			defaultConfigurationIsVisible = 0;
			defaultConfigurationName = Release;
		};
		C6C450F9298FF2930094FF5A /* Build configuration list for PBXNativeTarget "PawpetUITests" */ = {
			isa = XCConfigurationList;
			buildConfigurations = (
				C6C450FA298FF2930094FF5A /* Debug */,
				C6C450FB298FF2930094FF5A /* Release */,
			);
			defaultConfigurationIsVisible = 0;
			defaultConfigurationName = Release;
		};
/* End XCConfigurationList section */
	};
	rootObject = C6C450C1298FF2920094FF5A /* Project object */;
}
