// !$*UTF8*$!
{
	archiveVersion = 1;
	classes = {
	};
	objectVersion = 55;
	objects = {

/* Begin PBXBuildFile section */
		06E18524A4EC0954B508BBB2 /* Pods_Pawpet_PawpetUITests.framework in Frameworks */ = {isa = PBXBuildFile; fileRef = 3C970666CC655EE8EEF6D664 /* Pods_Pawpet_PawpetUITests.framework */; };
		0C3387937C4DF0F9F28E0070 /* Pods_Pawpet.framework in Frameworks */ = {isa = PBXBuildFile; fileRef = F074DCCF72E69C9D145C6292 /* Pods_Pawpet.framework */; };
		2C85A0268DF87B3DBC83C115 /* Pods_PawpetTests.framework in Frameworks */ = {isa = PBXBuildFile; fileRef = 0196131EF18BACFAD9253161 /* Pods_PawpetTests.framework */; };
		C6490D8229BA0452003F4A2F /* UIColor + Extension.swift in Sources */ = {isa = PBXBuildFile; fileRef = C6490D8129BA0452003F4A2F /* UIColor + Extension.swift */; };
		C6490D8629BA0BBC003F4A2F /* SignInViewController.swift in Sources */ = {isa = PBXBuildFile; fileRef = C6490D8529BA0BBC003F4A2F /* SignInViewController.swift */; };
		C6490D8929C33E65003F4A2F /* UITextField + Extension.swift in Sources */ = {isa = PBXBuildFile; fileRef = C6490D8829C33E65003F4A2F /* UITextField + Extension.swift */; };
		C6490D8D29C384BC003F4A2F /* SignUpViewController_1.swift in Sources */ = {isa = PBXBuildFile; fileRef = C6490D8C29C384BC003F4A2F /* SignUpViewController_1.swift */; };
		C6490D8F29C38556003F4A2F /* AuthTextField.swift in Sources */ = {isa = PBXBuildFile; fileRef = C6490D8E29C38556003F4A2F /* AuthTextField.swift */; };
		C6490D9329C387F7003F4A2F /* AuthButton.swift in Sources */ = {isa = PBXBuildFile; fileRef = C6490D9229C387F7003F4A2F /* AuthButton.swift */; };
		C6490D9529C8AB97003F4A2F /* OptionButton.swift in Sources */ = {isa = PBXBuildFile; fileRef = C6490D9429C8AB97003F4A2F /* OptionButton.swift */; };
		C6490D9729C8C428003F4A2F /* SignUpViewController_2.swift in Sources */ = {isa = PBXBuildFile; fileRef = C6490D9629C8C428003F4A2F /* SignUpViewController_2.swift */; };
		C6490D9C29C8C4B2003F4A2F /* PromptView.swift in Sources */ = {isa = PBXBuildFile; fileRef = C6490D9B29C8C4B2003F4A2F /* PromptView.swift */; };
		C6490D9E29C8CC14003F4A2F /* SignUpViewController_3.swift in Sources */ = {isa = PBXBuildFile; fileRef = C6490D9D29C8CC14003F4A2F /* SignUpViewController_3.swift */; };
		C6490DA129C8D54C003F4A2F /* DroppedDog.json in Resources */ = {isa = PBXBuildFile; fileRef = C6490DA029C8D54C003F4A2F /* DroppedDog.json */; };
		C6490DA329C8D7F9003F4A2F /* WatchingDog.json in Resources */ = {isa = PBXBuildFile; fileRef = C6490DA229C8D7F9003F4A2F /* WatchingDog.json */; };
		C6490DA529D04F8B003F4A2F /* SignUpViewController_4.swift in Sources */ = {isa = PBXBuildFile; fileRef = C6490DA429D04F8B003F4A2F /* SignUpViewController_4.swift */; };
		C6490DA929D06407003F4A2F /* ReadyCoala.json in Resources */ = {isa = PBXBuildFile; fileRef = C6490DA829D06407003F4A2F /* ReadyCoala.json */; };
		C6490DAB29D15B92003F4A2F /* LabelView.swift in Sources */ = {isa = PBXBuildFile; fileRef = C6490DAA29D15B92003F4A2F /* LabelView.swift */; };
		C6490DAD29D184DC003F4A2F /* SectionButton.swift in Sources */ = {isa = PBXBuildFile; fileRef = C6490DAC29D184DC003F4A2F /* SectionButton.swift */; };
		C6490DB229D1A761003F4A2F /* CustomSegmentedControl.swift in Sources */ = {isa = PBXBuildFile; fileRef = C6490DB129D1A761003F4A2F /* CustomSegmentedControl.swift */; };
		C6490DB429D1B284003F4A2F /* ChapterCollectionViewCell.swift in Sources */ = {isa = PBXBuildFile; fileRef = C6490DB329D1B284003F4A2F /* ChapterCollectionViewCell.swift */; };
		C6490DB629D1B295003F4A2F /* ChapterCollectionView.swift in Sources */ = {isa = PBXBuildFile; fileRef = C6490DB529D1B295003F4A2F /* ChapterCollectionView.swift */; };
		C6490DBB29D1C4EC003F4A2F /* CardCollectionViewCell.swift in Sources */ = {isa = PBXBuildFile; fileRef = C6490DBA29D1C4EC003F4A2F /* CardCollectionViewCell.swift */; };
		C6490DBD29D1CBE4003F4A2F /* CardCollectionView.swift in Sources */ = {isa = PBXBuildFile; fileRef = C6490DBC29D1CBE4003F4A2F /* CardCollectionView.swift */; };
		C6490DBF29D1DF02003F4A2F /* PersonalOption.json in Resources */ = {isa = PBXBuildFile; fileRef = C6490DBE29D1DF02003F4A2F /* PersonalOption.json */; };
		C6490DC129D1DF12003F4A2F /* CompanyOption.json in Resources */ = {isa = PBXBuildFile; fileRef = C6490DC029D1DF12003F4A2F /* CompanyOption.json */; };
		C6490DC429D31DEC003F4A2F /* DetailViewController.swift in Sources */ = {isa = PBXBuildFile; fileRef = C6490DC329D31DEC003F4A2F /* DetailViewController.swift */; };
		C6490DC629D31F90003F4A2F /* BottomSheetView.swift in Sources */ = {isa = PBXBuildFile; fileRef = C6490DC529D31F90003F4A2F /* BottomSheetView.swift */; };
		C6490DC929D4A8D1003F4A2F /* CardInfoBottomSheetView.swift in Sources */ = {isa = PBXBuildFile; fileRef = C6490DC829D4A8D1003F4A2F /* CardInfoBottomSheetView.swift */; };
		C6490DCB29D5BA8B003F4A2F /* SadDog.json in Resources */ = {isa = PBXBuildFile; fileRef = C6490DCA29D5BA8B003F4A2F /* SadDog.json */; };
		C6490DCD29DD5FC5003F4A2F /* PhotosPageViewController.swift in Sources */ = {isa = PBXBuildFile; fileRef = C6490DCC29DD5FC5003F4A2F /* PhotosPageViewController.swift */; };
		C6490DD029DD6090003F4A2F /* PhotoFrameViewController.swift in Sources */ = {isa = PBXBuildFile; fileRef = C6490DCF29DD6090003F4A2F /* PhotoFrameViewController.swift */; };
		C6490DD429DDA334003F4A2F /* CardCollectionHeaderView.swift in Sources */ = {isa = PBXBuildFile; fileRef = C6490DD329DDA334003F4A2F /* CardCollectionHeaderView.swift */; };
		C6C450CD298FF2920094FF5A /* AppDelegate.swift in Sources */ = {isa = PBXBuildFile; fileRef = C6C450CC298FF2920094FF5A /* AppDelegate.swift */; };
		C6C450D6298FF2930094FF5A /* Assets.xcassets in Resources */ = {isa = PBXBuildFile; fileRef = C6C450D5298FF2930094FF5A /* Assets.xcassets */; };
		C6C450D9298FF2930094FF5A /* LaunchScreen.storyboard in Resources */ = {isa = PBXBuildFile; fileRef = C6C450D7298FF2930094FF5A /* LaunchScreen.storyboard */; };
		C6C450E4298FF2930094FF5A /* PawpetTests.swift in Sources */ = {isa = PBXBuildFile; fileRef = C6C450E3298FF2930094FF5A /* PawpetTests.swift */; };
		C6C450EE298FF2930094FF5A /* PawpetUITests.swift in Sources */ = {isa = PBXBuildFile; fileRef = C6C450ED298FF2930094FF5A /* PawpetUITests.swift */; };
		C6C450F0298FF2930094FF5A /* PawpetUITestsLaunchTests.swift in Sources */ = {isa = PBXBuildFile; fileRef = C6C450EF298FF2930094FF5A /* PawpetUITestsLaunchTests.swift */; };
		C6C450FD298FF5310094FF5A /* MainTabBarController.swift in Sources */ = {isa = PBXBuildFile; fileRef = C6C450FC298FF5310094FF5A /* MainTabBarController.swift */; };
		C6C450FF298FF58E0094FF5A /* SearchViewController.swift in Sources */ = {isa = PBXBuildFile; fileRef = C6C450FE298FF58E0094FF5A /* SearchViewController.swift */; };
		C6C45101298FF5990094FF5A /* ProfileViewController.swift in Sources */ = {isa = PBXBuildFile; fileRef = C6C45100298FF5990094FF5A /* ProfileViewController.swift */; };
		C6C45103298FF5E70094FF5A /* MessagerViewController.swift in Sources */ = {isa = PBXBuildFile; fileRef = C6C45102298FF5E70094FF5A /* MessagerViewController.swift */; };
		C6C45105298FF6070094FF5A /* PostViewController.swift in Sources */ = {isa = PBXBuildFile; fileRef = C6C45104298FF6070094FF5A /* PostViewController.swift */; };
/* End PBXBuildFile section */

/* Begin PBXContainerItemProxy section */
		C6C450E0298FF2930094FF5A /* PBXContainerItemProxy */ = {
			isa = PBXContainerItemProxy;
			containerPortal = C6C450C1298FF2920094FF5A /* Project object */;
			proxyType = 1;
			remoteGlobalIDString = C6C450C8298FF2920094FF5A;
			remoteInfo = Pawpet;
		};
		C6C450EA298FF2930094FF5A /* PBXContainerItemProxy */ = {
			isa = PBXContainerItemProxy;
			containerPortal = C6C450C1298FF2920094FF5A /* Project object */;
			proxyType = 1;
			remoteGlobalIDString = C6C450C8298FF2920094FF5A;
			remoteInfo = Pawpet;
		};
/* End PBXContainerItemProxy section */

/* Begin PBXFileReference section */
		0196131EF18BACFAD9253161 /* Pods_PawpetTests.framework */ = {isa = PBXFileReference; explicitFileType = wrapper.framework; includeInIndex = 0; path = Pods_PawpetTests.framework; sourceTree = BUILT_PRODUCTS_DIR; };
		3C970666CC655EE8EEF6D664 /* Pods_Pawpet_PawpetUITests.framework */ = {isa = PBXFileReference; explicitFileType = wrapper.framework; includeInIndex = 0; path = Pods_Pawpet_PawpetUITests.framework; sourceTree = BUILT_PRODUCTS_DIR; };
		59F8C78011F09A509DD23609 /* Pods-PawpetTests.debug.xcconfig */ = {isa = PBXFileReference; includeInIndex = 1; lastKnownFileType = text.xcconfig; name = "Pods-PawpetTests.debug.xcconfig"; path = "Target Support Files/Pods-PawpetTests/Pods-PawpetTests.debug.xcconfig"; sourceTree = "<group>"; };
		734520AFB8E550129D209F62 /* Pods-PawpetTests.release.xcconfig */ = {isa = PBXFileReference; includeInIndex = 1; lastKnownFileType = text.xcconfig; name = "Pods-PawpetTests.release.xcconfig"; path = "Target Support Files/Pods-PawpetTests/Pods-PawpetTests.release.xcconfig"; sourceTree = "<group>"; };
		AE3A27A1B3BB51435004AB95 /* Pods-Pawpet-PawpetUITests.release.xcconfig */ = {isa = PBXFileReference; includeInIndex = 1; lastKnownFileType = text.xcconfig; name = "Pods-Pawpet-PawpetUITests.release.xcconfig"; path = "Target Support Files/Pods-Pawpet-PawpetUITests/Pods-Pawpet-PawpetUITests.release.xcconfig"; sourceTree = "<group>"; };
		B8C7A5D86C55FAF1867ED769 /* Pods-Pawpet.release.xcconfig */ = {isa = PBXFileReference; includeInIndex = 1; lastKnownFileType = text.xcconfig; name = "Pods-Pawpet.release.xcconfig"; path = "Target Support Files/Pods-Pawpet/Pods-Pawpet.release.xcconfig"; sourceTree = "<group>"; };
		C6490D8129BA0452003F4A2F /* UIColor + Extension.swift */ = {isa = PBXFileReference; lastKnownFileType = sourcecode.swift; path = "UIColor + Extension.swift"; sourceTree = "<group>"; };
		C6490D8529BA0BBC003F4A2F /* SignInViewController.swift */ = {isa = PBXFileReference; lastKnownFileType = sourcecode.swift; path = SignInViewController.swift; sourceTree = "<group>"; };
		C6490D8829C33E65003F4A2F /* UITextField + Extension.swift */ = {isa = PBXFileReference; lastKnownFileType = sourcecode.swift; path = "UITextField + Extension.swift"; sourceTree = "<group>"; };
		C6490D8C29C384BC003F4A2F /* SignUpViewController_1.swift */ = {isa = PBXFileReference; lastKnownFileType = sourcecode.swift; path = SignUpViewController_1.swift; sourceTree = "<group>"; };
		C6490D8E29C38556003F4A2F /* AuthTextField.swift */ = {isa = PBXFileReference; lastKnownFileType = sourcecode.swift; path = AuthTextField.swift; sourceTree = "<group>"; };
		C6490D9229C387F7003F4A2F /* AuthButton.swift */ = {isa = PBXFileReference; lastKnownFileType = sourcecode.swift; path = AuthButton.swift; sourceTree = "<group>"; };
		C6490D9429C8AB97003F4A2F /* OptionButton.swift */ = {isa = PBXFileReference; lastKnownFileType = sourcecode.swift; path = OptionButton.swift; sourceTree = "<group>"; };
		C6490D9629C8C428003F4A2F /* SignUpViewController_2.swift */ = {isa = PBXFileReference; lastKnownFileType = sourcecode.swift; path = SignUpViewController_2.swift; sourceTree = "<group>"; };
		C6490D9B29C8C4B2003F4A2F /* PromptView.swift */ = {isa = PBXFileReference; lastKnownFileType = sourcecode.swift; path = PromptView.swift; sourceTree = "<group>"; };
		C6490D9D29C8CC14003F4A2F /* SignUpViewController_3.swift */ = {isa = PBXFileReference; lastKnownFileType = sourcecode.swift; path = SignUpViewController_3.swift; sourceTree = "<group>"; };
		C6490DA029C8D54C003F4A2F /* DroppedDog.json */ = {isa = PBXFileReference; lastKnownFileType = text.json; path = DroppedDog.json; sourceTree = "<group>"; };
		C6490DA229C8D7F9003F4A2F /* WatchingDog.json */ = {isa = PBXFileReference; lastKnownFileType = text.json; path = WatchingDog.json; sourceTree = "<group>"; };
		C6490DA429D04F8B003F4A2F /* SignUpViewController_4.swift */ = {isa = PBXFileReference; lastKnownFileType = sourcecode.swift; path = SignUpViewController_4.swift; sourceTree = "<group>"; };
		C6490DA829D06407003F4A2F /* ReadyCoala.json */ = {isa = PBXFileReference; lastKnownFileType = text.json; path = ReadyCoala.json; sourceTree = "<group>"; };
		C6490DAA29D15B92003F4A2F /* LabelView.swift */ = {isa = PBXFileReference; lastKnownFileType = sourcecode.swift; path = LabelView.swift; sourceTree = "<group>"; };
		C6490DAC29D184DC003F4A2F /* SectionButton.swift */ = {isa = PBXFileReference; lastKnownFileType = sourcecode.swift; path = SectionButton.swift; sourceTree = "<group>"; };
		C6490DB129D1A761003F4A2F /* CustomSegmentedControl.swift */ = {isa = PBXFileReference; lastKnownFileType = sourcecode.swift; path = CustomSegmentedControl.swift; sourceTree = "<group>"; };
		C6490DB329D1B284003F4A2F /* ChapterCollectionViewCell.swift */ = {isa = PBXFileReference; lastKnownFileType = sourcecode.swift; path = ChapterCollectionViewCell.swift; sourceTree = "<group>"; };
		C6490DB529D1B295003F4A2F /* ChapterCollectionView.swift */ = {isa = PBXFileReference; lastKnownFileType = sourcecode.swift; path = ChapterCollectionView.swift; sourceTree = "<group>"; };
		C6490DBA29D1C4EC003F4A2F /* CardCollectionViewCell.swift */ = {isa = PBXFileReference; lastKnownFileType = sourcecode.swift; path = CardCollectionViewCell.swift; sourceTree = "<group>"; };
		C6490DBC29D1CBE4003F4A2F /* CardCollectionView.swift */ = {isa = PBXFileReference; lastKnownFileType = sourcecode.swift; path = CardCollectionView.swift; sourceTree = "<group>"; };
		C6490DBE29D1DF02003F4A2F /* PersonalOption.json */ = {isa = PBXFileReference; lastKnownFileType = text.json; path = PersonalOption.json; sourceTree = "<group>"; };
		C6490DC029D1DF12003F4A2F /* CompanyOption.json */ = {isa = PBXFileReference; lastKnownFileType = text.json; path = CompanyOption.json; sourceTree = "<group>"; };
		C6490DC329D31DEC003F4A2F /* DetailViewController.swift */ = {isa = PBXFileReference; lastKnownFileType = sourcecode.swift; path = DetailViewController.swift; sourceTree = "<group>"; };
		C6490DC529D31F90003F4A2F /* BottomSheetView.swift */ = {isa = PBXFileReference; lastKnownFileType = sourcecode.swift; path = BottomSheetView.swift; sourceTree = "<group>"; };
		C6490DC829D4A8D1003F4A2F /* CardInfoBottomSheetView.swift */ = {isa = PBXFileReference; lastKnownFileType = sourcecode.swift; path = CardInfoBottomSheetView.swift; sourceTree = "<group>"; };
		C6490DCA29D5BA8B003F4A2F /* SadDog.json */ = {isa = PBXFileReference; lastKnownFileType = text.json; path = SadDog.json; sourceTree = "<group>"; };
		C6490DCC29DD5FC5003F4A2F /* PhotosPageViewController.swift */ = {isa = PBXFileReference; lastKnownFileType = sourcecode.swift; path = PhotosPageViewController.swift; sourceTree = "<group>"; };
		C6490DCF29DD6090003F4A2F /* PhotoFrameViewController.swift */ = {isa = PBXFileReference; lastKnownFileType = sourcecode.swift; path = PhotoFrameViewController.swift; sourceTree = "<group>"; };
		C6490DD329DDA334003F4A2F /* CardCollectionHeaderView.swift */ = {isa = PBXFileReference; lastKnownFileType = sourcecode.swift; path = CardCollectionHeaderView.swift; sourceTree = "<group>"; };
		C6C450C9298FF2920094FF5A /* Pawpet.app */ = {isa = PBXFileReference; explicitFileType = wrapper.application; includeInIndex = 0; path = Pawpet.app; sourceTree = BUILT_PRODUCTS_DIR; };
		C6C450CC298FF2920094FF5A /* AppDelegate.swift */ = {isa = PBXFileReference; lastKnownFileType = sourcecode.swift; path = AppDelegate.swift; sourceTree = "<group>"; };
		C6C450D5298FF2930094FF5A /* Assets.xcassets */ = {isa = PBXFileReference; lastKnownFileType = folder.assetcatalog; path = Assets.xcassets; sourceTree = "<group>"; };
		C6C450D8298FF2930094FF5A /* Base */ = {isa = PBXFileReference; lastKnownFileType = file.storyboard; name = Base; path = Base.lproj/LaunchScreen.storyboard; sourceTree = "<group>"; };
		C6C450DA298FF2930094FF5A /* Info.plist */ = {isa = PBXFileReference; lastKnownFileType = text.plist.xml; path = Info.plist; sourceTree = "<group>"; };
		C6C450DF298FF2930094FF5A /* PawpetTests.xctest */ = {isa = PBXFileReference; explicitFileType = wrapper.cfbundle; includeInIndex = 0; path = PawpetTests.xctest; sourceTree = BUILT_PRODUCTS_DIR; };
		C6C450E3298FF2930094FF5A /* PawpetTests.swift */ = {isa = PBXFileReference; lastKnownFileType = sourcecode.swift; path = PawpetTests.swift; sourceTree = "<group>"; };
		C6C450E9298FF2930094FF5A /* PawpetUITests.xctest */ = {isa = PBXFileReference; explicitFileType = wrapper.cfbundle; includeInIndex = 0; path = PawpetUITests.xctest; sourceTree = BUILT_PRODUCTS_DIR; };
		C6C450ED298FF2930094FF5A /* PawpetUITests.swift */ = {isa = PBXFileReference; lastKnownFileType = sourcecode.swift; path = PawpetUITests.swift; sourceTree = "<group>"; };
		C6C450EF298FF2930094FF5A /* PawpetUITestsLaunchTests.swift */ = {isa = PBXFileReference; lastKnownFileType = sourcecode.swift; path = PawpetUITestsLaunchTests.swift; sourceTree = "<group>"; };
		C6C450FC298FF5310094FF5A /* MainTabBarController.swift */ = {isa = PBXFileReference; lastKnownFileType = sourcecode.swift; path = MainTabBarController.swift; sourceTree = "<group>"; };
		C6C450FE298FF58E0094FF5A /* SearchViewController.swift */ = {isa = PBXFileReference; lastKnownFileType = sourcecode.swift; path = SearchViewController.swift; sourceTree = "<group>"; };
		C6C45100298FF5990094FF5A /* ProfileViewController.swift */ = {isa = PBXFileReference; lastKnownFileType = sourcecode.swift; path = ProfileViewController.swift; sourceTree = "<group>"; };
		C6C45102298FF5E70094FF5A /* MessagerViewController.swift */ = {isa = PBXFileReference; lastKnownFileType = sourcecode.swift; path = MessagerViewController.swift; sourceTree = "<group>"; };
		C6C45104298FF6070094FF5A /* PostViewController.swift */ = {isa = PBXFileReference; lastKnownFileType = sourcecode.swift; path = PostViewController.swift; sourceTree = "<group>"; };
		CAE1321DF715B8D0C58360EE /* Pods-Pawpet.debug.xcconfig */ = {isa = PBXFileReference; includeInIndex = 1; lastKnownFileType = text.xcconfig; name = "Pods-Pawpet.debug.xcconfig"; path = "Target Support Files/Pods-Pawpet/Pods-Pawpet.debug.xcconfig"; sourceTree = "<group>"; };
		CE6C03E76F5F4D825989EBFD /* Pods-Pawpet-PawpetUITests.debug.xcconfig */ = {isa = PBXFileReference; includeInIndex = 1; lastKnownFileType = text.xcconfig; name = "Pods-Pawpet-PawpetUITests.debug.xcconfig"; path = "Target Support Files/Pods-Pawpet-PawpetUITests/Pods-Pawpet-PawpetUITests.debug.xcconfig"; sourceTree = "<group>"; };
		F074DCCF72E69C9D145C6292 /* Pods_Pawpet.framework */ = {isa = PBXFileReference; explicitFileType = wrapper.framework; includeInIndex = 0; path = Pods_Pawpet.framework; sourceTree = BUILT_PRODUCTS_DIR; };
/* End PBXFileReference section */

/* Begin PBXFrameworksBuildPhase section */
		C6C450C6298FF2920094FF5A /* Frameworks */ = {
			isa = PBXFrameworksBuildPhase;
			buildActionMask = 2147483647;
			files = (
				0C3387937C4DF0F9F28E0070 /* Pods_Pawpet.framework in Frameworks */,
			);
			runOnlyForDeploymentPostprocessing = 0;
		};
		C6C450DC298FF2930094FF5A /* Frameworks */ = {
			isa = PBXFrameworksBuildPhase;
			buildActionMask = 2147483647;
			files = (
				2C85A0268DF87B3DBC83C115 /* Pods_PawpetTests.framework in Frameworks */,
			);
			runOnlyForDeploymentPostprocessing = 0;
		};
		C6C450E6298FF2930094FF5A /* Frameworks */ = {
			isa = PBXFrameworksBuildPhase;
			buildActionMask = 2147483647;
			files = (
				06E18524A4EC0954B508BBB2 /* Pods_Pawpet_PawpetUITests.framework in Frameworks */,
			);
			runOnlyForDeploymentPostprocessing = 0;
		};
/* End PBXFrameworksBuildPhase section */

/* Begin PBXGroup section */
		7A57AB101EC0833A6B81A55C /* Frameworks */ = {
			isa = PBXGroup;
			children = (
				F074DCCF72E69C9D145C6292 /* Pods_Pawpet.framework */,
				3C970666CC655EE8EEF6D664 /* Pods_Pawpet_PawpetUITests.framework */,
				0196131EF18BACFAD9253161 /* Pods_PawpetTests.framework */,
			);
			name = Frameworks;
			sourceTree = "<group>";
		};
		95C90ECD9C0F2DDCC6B45991 /* Pods */ = {
			isa = PBXGroup;
			children = (
				CAE1321DF715B8D0C58360EE /* Pods-Pawpet.debug.xcconfig */,
				B8C7A5D86C55FAF1867ED769 /* Pods-Pawpet.release.xcconfig */,
				CE6C03E76F5F4D825989EBFD /* Pods-Pawpet-PawpetUITests.debug.xcconfig */,
				AE3A27A1B3BB51435004AB95 /* Pods-Pawpet-PawpetUITests.release.xcconfig */,
				59F8C78011F09A509DD23609 /* Pods-PawpetTests.debug.xcconfig */,
				734520AFB8E550129D209F62 /* Pods-PawpetTests.release.xcconfig */,
			);
			path = Pods;
			sourceTree = "<group>";
		};
		C6490D8329BA05D7003F4A2F /* Extension */ = {
			isa = PBXGroup;
			children = (
				C6490D8129BA0452003F4A2F /* UIColor + Extension.swift */,
				C6490D8829C33E65003F4A2F /* UITextField + Extension.swift */,
			);
			path = Extension;
			sourceTree = "<group>";
		};
		C6490D8429BA05E1003F4A2F /* Resourses */ = {
			isa = PBXGroup;
			children = (
				C6490D9F29C8D4FD003F4A2F /* Lottie Animations */,
				C6C450D5298FF2930094FF5A /* Assets.xcassets */,
			);
			path = Resourses;
			sourceTree = "<group>";
		};
		C6490D8729BA0BC0003F4A2F /* Authorization */ = {
			isa = PBXGroup;
			children = (
				C6490D9829C8C435003F4A2F /* SignUp */,
				C6490D9929C8C444003F4A2F /* SignIn */,
			);
			path = Authorization;
			sourceTree = "<group>";
		};
		C6490D9029C3855D003F4A2F /* View */ = {
			isa = PBXGroup;
			children = (
				C6490DB029D1A74A003F4A2F /* TextField */,
				C6490DAE29D1A73A003F4A2F /* Buttons */,
				C6490DAF29D1A743003F4A2F /* Labels */,
				C6490DB129D1A761003F4A2F /* CustomSegmentedControl.swift */,
			);
			path = View;
			sourceTree = "<group>";
		};
		C6490D9129C38565003F4A2F /* ViewController */ = {
			isa = PBXGroup;
			children = (
				C6490D8529BA0BBC003F4A2F /* SignInViewController.swift */,
			);
			path = ViewController;
			sourceTree = "<group>";
		};
		C6490D9829C8C435003F4A2F /* SignUp */ = {
			isa = PBXGroup;
			children = (
				C6490D9A29C8C460003F4A2F /* ViewController */,
			);
			path = SignUp;
			sourceTree = "<group>";
		};
		C6490D9929C8C444003F4A2F /* SignIn */ = {
			isa = PBXGroup;
			children = (
				C6490D9129C38565003F4A2F /* ViewController */,
			);
			path = SignIn;
			sourceTree = "<group>";
		};
		C6490D9A29C8C460003F4A2F /* ViewController */ = {
			isa = PBXGroup;
			children = (
				C6490D8C29C384BC003F4A2F /* SignUpViewController_1.swift */,
				C6490D9629C8C428003F4A2F /* SignUpViewController_2.swift */,
				C6490D9D29C8CC14003F4A2F /* SignUpViewController_3.swift */,
				C6490DA429D04F8B003F4A2F /* SignUpViewController_4.swift */,
			);
			path = ViewController;
			sourceTree = "<group>";
		};
		C6490D9F29C8D4FD003F4A2F /* Lottie Animations */ = {
			isa = PBXGroup;
			children = (
				C6490DA029C8D54C003F4A2F /* DroppedDog.json */,
				C6490DA229C8D7F9003F4A2F /* WatchingDog.json */,
				C6490DA829D06407003F4A2F /* ReadyCoala.json */,
				C6490DBE29D1DF02003F4A2F /* PersonalOption.json */,
				C6490DC029D1DF12003F4A2F /* CompanyOption.json */,
				C6490DCA29D5BA8B003F4A2F /* SadDog.json */,
			);
			path = "Lottie Animations";
			sourceTree = "<group>";
		};
		C6490DAE29D1A73A003F4A2F /* Buttons */ = {
			isa = PBXGroup;
			children = (
				C6490D9229C387F7003F4A2F /* AuthButton.swift */,
				C6490D9429C8AB97003F4A2F /* OptionButton.swift */,
				C6490DAC29D184DC003F4A2F /* SectionButton.swift */,
			);
			path = Buttons;
			sourceTree = "<group>";
		};
		C6490DAF29D1A743003F4A2F /* Labels */ = {
			isa = PBXGroup;
			children = (
				C6490D9B29C8C4B2003F4A2F /* PromptView.swift */,
				C6490DAA29D15B92003F4A2F /* LabelView.swift */,
			);
			path = Labels;
			sourceTree = "<group>";
		};
		C6490DB029D1A74A003F4A2F /* TextField */ = {
			isa = PBXGroup;
			children = (
				C6490D8E29C38556003F4A2F /* AuthTextField.swift */,
			);
			path = TextField;
			sourceTree = "<group>";
		};
		C6490DB729D1B29A003F4A2F /* View */ = {
			isa = PBXGroup;
			children = (
				C6490DB929D1C4B6003F4A2F /* CardCollectionView */,
				C6490DB829D1C3EA003F4A2F /* ChapterCollectionView */,
			);
			path = View;
			sourceTree = "<group>";
		};
		C6490DB829D1C3EA003F4A2F /* ChapterCollectionView */ = {
			isa = PBXGroup;
			children = (
				C6490DB329D1B284003F4A2F /* ChapterCollectionViewCell.swift */,
				C6490DB529D1B295003F4A2F /* ChapterCollectionView.swift */,
			);
			path = ChapterCollectionView;
			sourceTree = "<group>";
		};
		C6490DB929D1C4B6003F4A2F /* CardCollectionView */ = {
			isa = PBXGroup;
			children = (
				C6490DBA29D1C4EC003F4A2F /* CardCollectionViewCell.swift */,
				C6490DBC29D1CBE4003F4A2F /* CardCollectionView.swift */,
				C6490DD329DDA334003F4A2F /* CardCollectionHeaderView.swift */,
			);
			path = CardCollectionView;
			sourceTree = "<group>";
		};
		C6490DC229D31DD0003F4A2F /* Detail */ = {
			isa = PBXGroup;
			children = (
				C6490DC329D31DEC003F4A2F /* DetailViewController.swift */,
				C6490DCE29DD6061003F4A2F /* PhotosController */,
			);
			path = Detail;
			sourceTree = "<group>";
		};
		C6490DC729D4A890003F4A2F /* BottomSheetView */ = {
			isa = PBXGroup;
			children = (
				C6490DC529D31F90003F4A2F /* BottomSheetView.swift */,
				C6490DC829D4A8D1003F4A2F /* CardInfoBottomSheetView.swift */,
			);
			path = BottomSheetView;
			sourceTree = "<group>";
		};
		C6490DCE29DD6061003F4A2F /* PhotosController */ = {
			isa = PBXGroup;
			children = (
				C6490DCC29DD5FC5003F4A2F /* PhotosPageViewController.swift */,
				C6490DCF29DD6090003F4A2F /* PhotoFrameViewController.swift */,
			);
			path = PhotosController;
			sourceTree = "<group>";
		};
		C6C450C0298FF2920094FF5A = {
			isa = PBXGroup;
			children = (
				C6C450CB298FF2920094FF5A /* Pawpet */,
				C6C450E2298FF2930094FF5A /* PawpetTests */,
				C6C450EC298FF2930094FF5A /* PawpetUITests */,
				C6C450CA298FF2920094FF5A /* Products */,
				95C90ECD9C0F2DDCC6B45991 /* Pods */,
				7A57AB101EC0833A6B81A55C /* Frameworks */,
			);
			sourceTree = "<group>";
		};
		C6C450CA298FF2920094FF5A /* Products */ = {
			isa = PBXGroup;
			children = (
				C6C450C9298FF2920094FF5A /* Pawpet.app */,
				C6C450DF298FF2930094FF5A /* PawpetTests.xctest */,
				C6C450E9298FF2930094FF5A /* PawpetUITests.xctest */,
			);
			name = Products;
			sourceTree = "<group>";
		};
		C6C450CB298FF2920094FF5A /* Pawpet */ = {
			isa = PBXGroup;
			children = (
				C6C45106298FF6160094FF5A /* Application */,
				C6C45107298FF6580094FF5A /* Modules */,
				C6490D8429BA05E1003F4A2F /* Resourses */,
				C6490D8329BA05D7003F4A2F /* Extension */,
			);
			path = Pawpet;
			sourceTree = "<group>";
		};
		C6C450E2298FF2930094FF5A /* PawpetTests */ = {
			isa = PBXGroup;
			children = (
				C6C450E3298FF2930094FF5A /* PawpetTests.swift */,
			);
			path = PawpetTests;
			sourceTree = "<group>";
		};
		C6C450EC298FF2930094FF5A /* PawpetUITests */ = {
			isa = PBXGroup;
			children = (
				C6C450ED298FF2930094FF5A /* PawpetUITests.swift */,
				C6C450EF298FF2930094FF5A /* PawpetUITestsLaunchTests.swift */,
			);
			path = PawpetUITests;
			sourceTree = "<group>";
		};
		C6C45106298FF6160094FF5A /* Application */ = {
			isa = PBXGroup;
			children = (
				C6C450CC298FF2920094FF5A /* AppDelegate.swift */,
				C6C450DA298FF2930094FF5A /* Info.plist */,
				C6C450D7298FF2930094FF5A /* LaunchScreen.storyboard */,
			);
			path = Application;
			sourceTree = "<group>";
		};
		C6C45107298FF6580094FF5A /* Modules */ = {
			isa = PBXGroup;
			children = (
				C6C450FC298FF5310094FF5A /* MainTabBarController.swift */,
				C6490DC729D4A890003F4A2F /* BottomSheetView */,
				C6490DC229D31DD0003F4A2F /* Detail */,
				C6C4510A298FF6740094FF5A /* Search */,
				C6C45108298FF6690094FF5A /* Post */,
				C6C45109298FF66E0094FF5A /* Messager */,
				C6C4510B298FF6790094FF5A /* Profile */,
				C6490D9029C3855D003F4A2F /* View */,
				C6490D8729BA0BC0003F4A2F /* Authorization */,
			);
			path = Modules;
			sourceTree = "<group>";
		};
		C6C45108298FF6690094FF5A /* Post */ = {
			isa = PBXGroup;
			children = (
				C6C45104298FF6070094FF5A /* PostViewController.swift */,
			);
			path = Post;
			sourceTree = "<group>";
		};
		C6C45109298FF66E0094FF5A /* Messager */ = {
			isa = PBXGroup;
			children = (
				C6C45102298FF5E70094FF5A /* MessagerViewController.swift */,
			);
			path = Messager;
			sourceTree = "<group>";
		};
		C6C4510A298FF6740094FF5A /* Search */ = {
			isa = PBXGroup;
			children = (
				C6C450FE298FF58E0094FF5A /* SearchViewController.swift */,
				C6490DB729D1B29A003F4A2F /* View */,
			);
			path = Search;
			sourceTree = "<group>";
		};
		C6C4510B298FF6790094FF5A /* Profile */ = {
			isa = PBXGroup;
			children = (
				C6C45100298FF5990094FF5A /* ProfileViewController.swift */,
			);
			path = Profile;
			sourceTree = "<group>";
		};
/* End PBXGroup section */

/* Begin PBXNativeTarget section */
		C6C450C8298FF2920094FF5A /* Pawpet */ = {
			isa = PBXNativeTarget;
			buildConfigurationList = C6C450F3298FF2930094FF5A /* Build configuration list for PBXNativeTarget "Pawpet" */;
			buildPhases = (
				C9FE903865EE4D28029BCCCE /* [CP] Check Pods Manifest.lock */,
				C6C450C5298FF2920094FF5A /* Sources */,
				C6C450C6298FF2920094FF5A /* Frameworks */,
				C6C450C7298FF2920094FF5A /* Resources */,
				F7BAFB1B310294EC255C3893 /* [CP] Embed Pods Frameworks */,
			);
			buildRules = (
			);
			dependencies = (
			);
			name = Pawpet;
			productName = Pawpet;
			productReference = C6C450C9298FF2920094FF5A /* Pawpet.app */;
			productType = "com.apple.product-type.application";
		};
		C6C450DE298FF2930094FF5A /* PawpetTests */ = {
			isa = PBXNativeTarget;
			buildConfigurationList = C6C450F6298FF2930094FF5A /* Build configuration list for PBXNativeTarget "PawpetTests" */;
			buildPhases = (
				3EFDDD67D5CB32BC34A4FE42 /* [CP] Check Pods Manifest.lock */,
				C6C450DB298FF2930094FF5A /* Sources */,
				C6C450DC298FF2930094FF5A /* Frameworks */,
				C6C450DD298FF2930094FF5A /* Resources */,
			);
			buildRules = (
			);
			dependencies = (
				C6C450E1298FF2930094FF5A /* PBXTargetDependency */,
			);
			name = PawpetTests;
			productName = PawpetTests;
			productReference = C6C450DF298FF2930094FF5A /* PawpetTests.xctest */;
			productType = "com.apple.product-type.bundle.unit-test";
		};
		C6C450E8298FF2930094FF5A /* PawpetUITests */ = {
			isa = PBXNativeTarget;
			buildConfigurationList = C6C450F9298FF2930094FF5A /* Build configuration list for PBXNativeTarget "PawpetUITests" */;
			buildPhases = (
				C800E57C18A57A020CA50BFC /* [CP] Check Pods Manifest.lock */,
				C6C450E5298FF2930094FF5A /* Sources */,
				C6C450E6298FF2930094FF5A /* Frameworks */,
				C6C450E7298FF2930094FF5A /* Resources */,
				CD339EA28D179ED79D5EDE94 /* [CP] Embed Pods Frameworks */,
			);
			buildRules = (
			);
			dependencies = (
				C6C450EB298FF2930094FF5A /* PBXTargetDependency */,
			);
			name = PawpetUITests;
			productName = PawpetUITests;
			productReference = C6C450E9298FF2930094FF5A /* PawpetUITests.xctest */;
			productType = "com.apple.product-type.bundle.ui-testing";
		};
/* End PBXNativeTarget section */

/* Begin PBXProject section */
		C6C450C1298FF2920094FF5A /* Project object */ = {
			isa = PBXProject;
			attributes = {
				BuildIndependentTargetsInParallel = 1;
				LastSwiftUpdateCheck = 1420;
				LastUpgradeCheck = 1420;
				TargetAttributes = {
					C6C450C8298FF2920094FF5A = {
						CreatedOnToolsVersion = 14.2;
					};
					C6C450DE298FF2930094FF5A = {
						CreatedOnToolsVersion = 14.2;
						TestTargetID = C6C450C8298FF2920094FF5A;
					};
					C6C450E8298FF2930094FF5A = {
						CreatedOnToolsVersion = 14.2;
						TestTargetID = C6C450C8298FF2920094FF5A;
					};
				};
			};
			buildConfigurationList = C6C450C4298FF2920094FF5A /* Build configuration list for PBXProject "Pawpet" */;
			compatibilityVersion = "Xcode 13.0";
			developmentRegion = en;
			hasScannedForEncodings = 0;
			knownRegions = (
				en,
				Base,
			);
			mainGroup = C6C450C0298FF2920094FF5A;
			productRefGroup = C6C450CA298FF2920094FF5A /* Products */;
			projectDirPath = "";
			projectRoot = "";
			targets = (
				C6C450C8298FF2920094FF5A /* Pawpet */,
				C6C450DE298FF2930094FF5A /* PawpetTests */,
				C6C450E8298FF2930094FF5A /* PawpetUITests */,
			);
		};
/* End PBXProject section */

/* Begin PBXResourcesBuildPhase section */
		C6C450C7298FF2920094FF5A /* Resources */ = {
			isa = PBXResourcesBuildPhase;
			buildActionMask = 2147483647;
			files = (
				C6490DCB29D5BA8B003F4A2F /* SadDog.json in Resources */,
				C6490DA129C8D54C003F4A2F /* DroppedDog.json in Resources */,
				C6490DBF29D1DF02003F4A2F /* PersonalOption.json in Resources */,
				C6C450D9298FF2930094FF5A /* LaunchScreen.storyboard in Resources */,
				C6490DA329C8D7F9003F4A2F /* WatchingDog.json in Resources */,
				C6490DA929D06407003F4A2F /* ReadyCoala.json in Resources */,
				C6490DC129D1DF12003F4A2F /* CompanyOption.json in Resources */,
				C6C450D6298FF2930094FF5A /* Assets.xcassets in Resources */,
			);
			runOnlyForDeploymentPostprocessing = 0;
		};
		C6C450DD298FF2930094FF5A /* Resources */ = {
			isa = PBXResourcesBuildPhase;
			buildActionMask = 2147483647;
			files = (
			);
			runOnlyForDeploymentPostprocessing = 0;
		};
		C6C450E7298FF2930094FF5A /* Resources */ = {
			isa = PBXResourcesBuildPhase;
			buildActionMask = 2147483647;
			files = (
			);
			runOnlyForDeploymentPostprocessing = 0;
		};
/* End PBXResourcesBuildPhase section */

/* Begin PBXShellScriptBuildPhase section */
		3EFDDD67D5CB32BC34A4FE42 /* [CP] Check Pods Manifest.lock */ = {
			isa = PBXShellScriptBuildPhase;
			buildActionMask = 2147483647;
			files = (
			);
			inputFileListPaths = (
			);
			inputPaths = (
				"${PODS_PODFILE_DIR_PATH}/Podfile.lock",
				"${PODS_ROOT}/Manifest.lock",
			);
			name = "[CP] Check Pods Manifest.lock";
			outputFileListPaths = (
			);
			outputPaths = (
				"$(DERIVED_FILE_DIR)/Pods-PawpetTests-checkManifestLockResult.txt",
			);
			runOnlyForDeploymentPostprocessing = 0;
			shellPath = /bin/sh;
			shellScript = "diff \"${PODS_PODFILE_DIR_PATH}/Podfile.lock\" \"${PODS_ROOT}/Manifest.lock\" > /dev/null\nif [ $? != 0 ] ; then\n    # print error to STDERR\n    echo \"error: The sandbox is not in sync with the Podfile.lock. Run 'pod install' or update your CocoaPods installation.\" >&2\n    exit 1\nfi\n# This output is used by Xcode 'outputs' to avoid re-running this script phase.\necho \"SUCCESS\" > \"${SCRIPT_OUTPUT_FILE_0}\"\n";
			showEnvVarsInLog = 0;
		};
		C800E57C18A57A020CA50BFC /* [CP] Check Pods Manifest.lock */ = {
			isa = PBXShellScriptBuildPhase;
			buildActionMask = 2147483647;
			files = (
			);
			inputFileListPaths = (
			);
			inputPaths = (
				"${PODS_PODFILE_DIR_PATH}/Podfile.lock",
				"${PODS_ROOT}/Manifest.lock",
			);
			name = "[CP] Check Pods Manifest.lock";
			outputFileListPaths = (
			);
			outputPaths = (
				"$(DERIVED_FILE_DIR)/Pods-Pawpet-PawpetUITests-checkManifestLockResult.txt",
			);
			runOnlyForDeploymentPostprocessing = 0;
			shellPath = /bin/sh;
			shellScript = "diff \"${PODS_PODFILE_DIR_PATH}/Podfile.lock\" \"${PODS_ROOT}/Manifest.lock\" > /dev/null\nif [ $? != 0 ] ; then\n    # print error to STDERR\n    echo \"error: The sandbox is not in sync with the Podfile.lock. Run 'pod install' or update your CocoaPods installation.\" >&2\n    exit 1\nfi\n# This output is used by Xcode 'outputs' to avoid re-running this script phase.\necho \"SUCCESS\" > \"${SCRIPT_OUTPUT_FILE_0}\"\n";
			showEnvVarsInLog = 0;
		};
		C9FE903865EE4D28029BCCCE /* [CP] Check Pods Manifest.lock */ = {
			isa = PBXShellScriptBuildPhase;
			buildActionMask = 2147483647;
			files = (
			);
			inputFileListPaths = (
			);
			inputPaths = (
				"${PODS_PODFILE_DIR_PATH}/Podfile.lock",
				"${PODS_ROOT}/Manifest.lock",
			);
			name = "[CP] Check Pods Manifest.lock";
			outputFileListPaths = (
			);
			outputPaths = (
				"$(DERIVED_FILE_DIR)/Pods-Pawpet-checkManifestLockResult.txt",
			);
			runOnlyForDeploymentPostprocessing = 0;
			shellPath = /bin/sh;
			shellScript = "diff \"${PODS_PODFILE_DIR_PATH}/Podfile.lock\" \"${PODS_ROOT}/Manifest.lock\" > /dev/null\nif [ $? != 0 ] ; then\n    # print error to STDERR\n    echo \"error: The sandbox is not in sync with the Podfile.lock. Run 'pod install' or update your CocoaPods installation.\" >&2\n    exit 1\nfi\n# This output is used by Xcode 'outputs' to avoid re-running this script phase.\necho \"SUCCESS\" > \"${SCRIPT_OUTPUT_FILE_0}\"\n";
			showEnvVarsInLog = 0;
		};
		CD339EA28D179ED79D5EDE94 /* [CP] Embed Pods Frameworks */ = {
			isa = PBXShellScriptBuildPhase;
			buildActionMask = 2147483647;
			files = (
			);
			inputFileListPaths = (
				"${PODS_ROOT}/Target Support Files/Pods-Pawpet-PawpetUITests/Pods-Pawpet-PawpetUITests-frameworks-${CONFIGURATION}-input-files.xcfilelist",
			);
			name = "[CP] Embed Pods Frameworks";
			outputFileListPaths = (
				"${PODS_ROOT}/Target Support Files/Pods-Pawpet-PawpetUITests/Pods-Pawpet-PawpetUITests-frameworks-${CONFIGURATION}-output-files.xcfilelist",
			);
			runOnlyForDeploymentPostprocessing = 0;
			shellPath = /bin/sh;
			shellScript = "\"${PODS_ROOT}/Target Support Files/Pods-Pawpet-PawpetUITests/Pods-Pawpet-PawpetUITests-frameworks.sh\"\n";
			showEnvVarsInLog = 0;
		};
		F7BAFB1B310294EC255C3893 /* [CP] Embed Pods Frameworks */ = {
			isa = PBXShellScriptBuildPhase;
			buildActionMask = 2147483647;
			files = (
			);
			inputFileListPaths = (
				"${PODS_ROOT}/Target Support Files/Pods-Pawpet/Pods-Pawpet-frameworks-${CONFIGURATION}-input-files.xcfilelist",
			);
			name = "[CP] Embed Pods Frameworks";
			outputFileListPaths = (
				"${PODS_ROOT}/Target Support Files/Pods-Pawpet/Pods-Pawpet-frameworks-${CONFIGURATION}-output-files.xcfilelist",
			);
			runOnlyForDeploymentPostprocessing = 0;
			shellPath = /bin/sh;
			shellScript = "\"${PODS_ROOT}/Target Support Files/Pods-Pawpet/Pods-Pawpet-frameworks.sh\"\n";
			showEnvVarsInLog = 0;
		};
/* End PBXShellScriptBuildPhase section */

/* Begin PBXSourcesBuildPhase section */
		C6C450C5298FF2920094FF5A /* Sources */ = {
			isa = PBXSourcesBuildPhase;
			buildActionMask = 2147483647;
			files = (
				C6490DB429D1B284003F4A2F /* ChapterCollectionViewCell.swift in Sources */,
				C6490DD429DDA334003F4A2F /* CardCollectionHeaderView.swift in Sources */,
				C6490D8229BA0452003F4A2F /* UIColor + Extension.swift in Sources */,
				C6490DC429D31DEC003F4A2F /* DetailViewController.swift in Sources */,
				C6490D9329C387F7003F4A2F /* AuthButton.swift in Sources */,
				C6490DA529D04F8B003F4A2F /* SignUpViewController_4.swift in Sources */,
				C6490DBD29D1CBE4003F4A2F /* CardCollectionView.swift in Sources */,
				C6490DB229D1A761003F4A2F /* CustomSegmentedControl.swift in Sources */,
				C6490D8629BA0BBC003F4A2F /* SignInViewController.swift in Sources */,
				C6C45103298FF5E70094FF5A /* MessagerViewController.swift in Sources */,
				C6C45105298FF6070094FF5A /* PostViewController.swift in Sources */,
				C6490DCD29DD5FC5003F4A2F /* PhotosPageViewController.swift in Sources */,
				C6490D8D29C384BC003F4A2F /* SignUpViewController_1.swift in Sources */,
				C6490DC929D4A8D1003F4A2F /* CardInfoBottomSheetView.swift in Sources */,
				C6C450CD298FF2920094FF5A /* AppDelegate.swift in Sources */,
				C6C45101298FF5990094FF5A /* ProfileViewController.swift in Sources */,
				C6C450FF298FF58E0094FF5A /* SearchViewController.swift in Sources */,
				C6490DAD29D184DC003F4A2F /* SectionButton.swift in Sources */,
				C6C450FD298FF5310094FF5A /* MainTabBarController.swift in Sources */,
				C6490DBB29D1C4EC003F4A2F /* CardCollectionViewCell.swift in Sources */,
				C6490DAB29D15B92003F4A2F /* LabelView.swift in Sources */,
				C6490D8929C33E65003F4A2F /* UITextField + Extension.swift in Sources */,
				C6490D8F29C38556003F4A2F /* AuthTextField.swift in Sources */,
				C6490D9529C8AB97003F4A2F /* OptionButton.swift in Sources */,
				C6490D9C29C8C4B2003F4A2F /* PromptView.swift in Sources */,
				C6490D9E29C8CC14003F4A2F /* SignUpViewController_3.swift in Sources */,
				C6490DB629D1B295003F4A2F /* ChapterCollectionView.swift in Sources */,
				C6490D9729C8C428003F4A2F /* SignUpViewController_2.swift in Sources */,
				C6490DC629D31F90003F4A2F /* BottomSheetView.swift in Sources */,
				C6490DD029DD6090003F4A2F /* PhotoFrameViewController.swift in Sources */,
			);
			runOnlyForDeploymentPostprocessing = 0;
		};
		C6C450DB298FF2930094FF5A /* Sources */ = {
			isa = PBXSourcesBuildPhase;
			buildActionMask = 2147483647;
			files = (
				C6C450E4298FF2930094FF5A /* PawpetTests.swift in Sources */,
			);
			runOnlyForDeploymentPostprocessing = 0;
		};
		C6C450E5298FF2930094FF5A /* Sources */ = {
			isa = PBXSourcesBuildPhase;
			buildActionMask = 2147483647;
			files = (
				C6C450EE298FF2930094FF5A /* PawpetUITests.swift in Sources */,
				C6C450F0298FF2930094FF5A /* PawpetUITestsLaunchTests.swift in Sources */,
			);
			runOnlyForDeploymentPostprocessing = 0;
		};
/* End PBXSourcesBuildPhase section */

/* Begin PBXTargetDependency section */
		C6C450E1298FF2930094FF5A /* PBXTargetDependency */ = {
			isa = PBXTargetDependency;
			target = C6C450C8298FF2920094FF5A /* Pawpet */;
			targetProxy = C6C450E0298FF2930094FF5A /* PBXContainerItemProxy */;
		};
		C6C450EB298FF2930094FF5A /* PBXTargetDependency */ = {
			isa = PBXTargetDependency;
			target = C6C450C8298FF2920094FF5A /* Pawpet */;
			targetProxy = C6C450EA298FF2930094FF5A /* PBXContainerItemProxy */;
		};
/* End PBXTargetDependency section */

/* Begin PBXVariantGroup section */
		C6C450D7298FF2930094FF5A /* LaunchScreen.storyboard */ = {
			isa = PBXVariantGroup;
			children = (
				C6C450D8298FF2930094FF5A /* Base */,
			);
			name = LaunchScreen.storyboard;
			sourceTree = "<group>";
		};
/* End PBXVariantGroup section */

/* Begin XCBuildConfiguration section */
		C6C450F1298FF2930094FF5A /* Debug */ = {
			isa = XCBuildConfiguration;
			buildSettings = {
				ALWAYS_SEARCH_USER_PATHS = NO;
				CLANG_ANALYZER_NONNULL = YES;
				CLANG_ANALYZER_NUMBER_OBJECT_CONVERSION = YES_AGGRESSIVE;
				CLANG_CXX_LANGUAGE_STANDARD = "gnu++20";
				CLANG_ENABLE_MODULES = YES;
				CLANG_ENABLE_OBJC_ARC = YES;
				CLANG_ENABLE_OBJC_WEAK = YES;
				CLANG_WARN_BLOCK_CAPTURE_AUTORELEASING = YES;
				CLANG_WARN_BOOL_CONVERSION = YES;
				CLANG_WARN_COMMA = YES;
				CLANG_WARN_CONSTANT_CONVERSION = YES;
				CLANG_WARN_DEPRECATED_OBJC_IMPLEMENTATIONS = YES;
				CLANG_WARN_DIRECT_OBJC_ISA_USAGE = YES_ERROR;
				CLANG_WARN_DOCUMENTATION_COMMENTS = YES;
				CLANG_WARN_EMPTY_BODY = YES;
				CLANG_WARN_ENUM_CONVERSION = YES;
				CLANG_WARN_INFINITE_RECURSION = YES;
				CLANG_WARN_INT_CONVERSION = YES;
				CLANG_WARN_NON_LITERAL_NULL_CONVERSION = YES;
				CLANG_WARN_OBJC_IMPLICIT_RETAIN_SELF = YES;
				CLANG_WARN_OBJC_LITERAL_CONVERSION = YES;
				CLANG_WARN_OBJC_ROOT_CLASS = YES_ERROR;
				CLANG_WARN_QUOTED_INCLUDE_IN_FRAMEWORK_HEADER = YES;
				CLANG_WARN_RANGE_LOOP_ANALYSIS = YES;
				CLANG_WARN_STRICT_PROTOTYPES = YES;
				CLANG_WARN_SUSPICIOUS_MOVE = YES;
				CLANG_WARN_UNGUARDED_AVAILABILITY = YES_AGGRESSIVE;
				CLANG_WARN_UNREACHABLE_CODE = YES;
				CLANG_WARN__DUPLICATE_METHOD_MATCH = YES;
				COPY_PHASE_STRIP = NO;
				DEBUG_INFORMATION_FORMAT = dwarf;
				ENABLE_STRICT_OBJC_MSGSEND = YES;
				ENABLE_TESTABILITY = YES;
				GCC_C_LANGUAGE_STANDARD = gnu11;
				GCC_DYNAMIC_NO_PIC = NO;
				GCC_NO_COMMON_BLOCKS = YES;
				GCC_OPTIMIZATION_LEVEL = 0;
				GCC_PREPROCESSOR_DEFINITIONS = (
					"DEBUG=1",
					"$(inherited)",
				);
				GCC_WARN_64_TO_32_BIT_CONVERSION = YES;
				GCC_WARN_ABOUT_RETURN_TYPE = YES_ERROR;
				GCC_WARN_UNDECLARED_SELECTOR = YES;
				GCC_WARN_UNINITIALIZED_AUTOS = YES_AGGRESSIVE;
				GCC_WARN_UNUSED_FUNCTION = YES;
				GCC_WARN_UNUSED_VARIABLE = YES;
				IPHONEOS_DEPLOYMENT_TARGET = 16.2;
				MTL_ENABLE_DEBUG_INFO = INCLUDE_SOURCE;
				MTL_FAST_MATH = YES;
				ONLY_ACTIVE_ARCH = YES;
				SDKROOT = iphoneos;
				SWIFT_ACTIVE_COMPILATION_CONDITIONS = DEBUG;
				SWIFT_OPTIMIZATION_LEVEL = "-Onone";
			};
			name = Debug;
		};
		C6C450F2298FF2930094FF5A /* Release */ = {
			isa = XCBuildConfiguration;
			buildSettings = {
				ALWAYS_SEARCH_USER_PATHS = NO;
				CLANG_ANALYZER_NONNULL = YES;
				CLANG_ANALYZER_NUMBER_OBJECT_CONVERSION = YES_AGGRESSIVE;
				CLANG_CXX_LANGUAGE_STANDARD = "gnu++20";
				CLANG_ENABLE_MODULES = YES;
				CLANG_ENABLE_OBJC_ARC = YES;
				CLANG_ENABLE_OBJC_WEAK = YES;
				CLANG_WARN_BLOCK_CAPTURE_AUTORELEASING = YES;
				CLANG_WARN_BOOL_CONVERSION = YES;
				CLANG_WARN_COMMA = YES;
				CLANG_WARN_CONSTANT_CONVERSION = YES;
				CLANG_WARN_DEPRECATED_OBJC_IMPLEMENTATIONS = YES;
				CLANG_WARN_DIRECT_OBJC_ISA_USAGE = YES_ERROR;
				CLANG_WARN_DOCUMENTATION_COMMENTS = YES;
				CLANG_WARN_EMPTY_BODY = YES;
				CLANG_WARN_ENUM_CONVERSION = YES;
				CLANG_WARN_INFINITE_RECURSION = YES;
				CLANG_WARN_INT_CONVERSION = YES;
				CLANG_WARN_NON_LITERAL_NULL_CONVERSION = YES;
				CLANG_WARN_OBJC_IMPLICIT_RETAIN_SELF = YES;
				CLANG_WARN_OBJC_LITERAL_CONVERSION = YES;
				CLANG_WARN_OBJC_ROOT_CLASS = YES_ERROR;
				CLANG_WARN_QUOTED_INCLUDE_IN_FRAMEWORK_HEADER = YES;
				CLANG_WARN_RANGE_LOOP_ANALYSIS = YES;
				CLANG_WARN_STRICT_PROTOTYPES = YES;
				CLANG_WARN_SUSPICIOUS_MOVE = YES;
				CLANG_WARN_UNGUARDED_AVAILABILITY = YES_AGGRESSIVE;
				CLANG_WARN_UNREACHABLE_CODE = YES;
				CLANG_WARN__DUPLICATE_METHOD_MATCH = YES;
				COPY_PHASE_STRIP = NO;
				DEBUG_INFORMATION_FORMAT = "dwarf-with-dsym";
				ENABLE_NS_ASSERTIONS = NO;
				ENABLE_STRICT_OBJC_MSGSEND = YES;
				GCC_C_LANGUAGE_STANDARD = gnu11;
				GCC_NO_COMMON_BLOCKS = YES;
				GCC_WARN_64_TO_32_BIT_CONVERSION = YES;
				GCC_WARN_ABOUT_RETURN_TYPE = YES_ERROR;
				GCC_WARN_UNDECLARED_SELECTOR = YES;
				GCC_WARN_UNINITIALIZED_AUTOS = YES_AGGRESSIVE;
				GCC_WARN_UNUSED_FUNCTION = YES;
				GCC_WARN_UNUSED_VARIABLE = YES;
				IPHONEOS_DEPLOYMENT_TARGET = 16.2;
				MTL_ENABLE_DEBUG_INFO = NO;
				MTL_FAST_MATH = YES;
				SDKROOT = iphoneos;
				SWIFT_COMPILATION_MODE = wholemodule;
				SWIFT_OPTIMIZATION_LEVEL = "-O";
				VALIDATE_PRODUCT = YES;
			};
			name = Release;
		};
		C6C450F4298FF2930094FF5A /* Debug */ = {
			isa = XCBuildConfiguration;
			baseConfigurationReference = CAE1321DF715B8D0C58360EE /* Pods-Pawpet.debug.xcconfig */;
			buildSettings = {
				ASSETCATALOG_COMPILER_APPICON_NAME = AppIcon;
				ASSETCATALOG_COMPILER_GLOBAL_ACCENT_COLOR_NAME = AccentColor;
				CODE_SIGN_STYLE = Automatic;
				CURRENT_PROJECT_VERSION = 1;
				DEVELOPMENT_TEAM = 5QL6TNF9LL;
				GENERATE_INFOPLIST_FILE = YES;
				INFOPLIST_FILE = Pawpet/Application/Info.plist;
				INFOPLIST_KEY_UIApplicationSupportsIndirectInputEvents = YES;
				INFOPLIST_KEY_UILaunchStoryboardName = LaunchScreen;
				INFOPLIST_KEY_UISupportedInterfaceOrientations_iPad = "UIInterfaceOrientationPortrait UIInterfaceOrientationPortraitUpsideDown UIInterfaceOrientationLandscapeLeft UIInterfaceOrientationLandscapeRight";
				INFOPLIST_KEY_UISupportedInterfaceOrientations_iPhone = "UIInterfaceOrientationPortrait UIInterfaceOrientationLandscapeLeft UIInterfaceOrientationLandscapeRight";
				LD_RUNPATH_SEARCH_PATHS = (
					"$(inherited)",
					"@executable_path/Frameworks",
				);
				MARKETING_VERSION = 1.0;
				PRODUCT_BUNDLE_IDENTIFIER = Miller.Pawpet;
				PRODUCT_NAME = "$(TARGET_NAME)";
				SWIFT_EMIT_LOC_STRINGS = YES;
				SWIFT_VERSION = 5.0;
				TARGETED_DEVICE_FAMILY = "1,2";
			};
			name = Debug;
		};
		C6C450F5298FF2930094FF5A /* Release */ = {
			isa = XCBuildConfiguration;
			baseConfigurationReference = B8C7A5D86C55FAF1867ED769 /* Pods-Pawpet.release.xcconfig */;
			buildSettings = {
				ASSETCATALOG_COMPILER_APPICON_NAME = AppIcon;
				ASSETCATALOG_COMPILER_GLOBAL_ACCENT_COLOR_NAME = AccentColor;
				CODE_SIGN_STYLE = Automatic;
				CURRENT_PROJECT_VERSION = 1;
				DEVELOPMENT_TEAM = 5QL6TNF9LL;
				GENERATE_INFOPLIST_FILE = YES;
				INFOPLIST_FILE = Pawpet/Application/Info.plist;
				INFOPLIST_KEY_UIApplicationSupportsIndirectInputEvents = YES;
				INFOPLIST_KEY_UILaunchStoryboardName = LaunchScreen;
				INFOPLIST_KEY_UISupportedInterfaceOrientations_iPad = "UIInterfaceOrientationPortrait UIInterfaceOrientationPortraitUpsideDown UIInterfaceOrientationLandscapeLeft UIInterfaceOrientationLandscapeRight";
				INFOPLIST_KEY_UISupportedInterfaceOrientations_iPhone = "UIInterfaceOrientationPortrait UIInterfaceOrientationLandscapeLeft UIInterfaceOrientationLandscapeRight";
				LD_RUNPATH_SEARCH_PATHS = (
					"$(inherited)",
					"@executable_path/Frameworks",
				);
				MARKETING_VERSION = 1.0;
				PRODUCT_BUNDLE_IDENTIFIER = Miller.Pawpet;
				PRODUCT_NAME = "$(TARGET_NAME)";
				SWIFT_EMIT_LOC_STRINGS = YES;
				SWIFT_VERSION = 5.0;
				TARGETED_DEVICE_FAMILY = "1,2";
			};
			name = Release;
		};
		C6C450F7298FF2930094FF5A /* Debug */ = {
			isa = XCBuildConfiguration;
			baseConfigurationReference = 59F8C78011F09A509DD23609 /* Pods-PawpetTests.debug.xcconfig */;
			buildSettings = {
				ALWAYS_EMBED_SWIFT_STANDARD_LIBRARIES = YES;
				BUNDLE_LOADER = "$(TEST_HOST)";
				CODE_SIGN_STYLE = Automatic;
				CURRENT_PROJECT_VERSION = 1;
				DEVELOPMENT_TEAM = 5QL6TNF9LL;
				GENERATE_INFOPLIST_FILE = YES;
				IPHONEOS_DEPLOYMENT_TARGET = 16.2;
				MARKETING_VERSION = 1.0;
				PRODUCT_BUNDLE_IDENTIFIER = Miller.PawpetTests;
				PRODUCT_NAME = "$(TARGET_NAME)";
				SWIFT_EMIT_LOC_STRINGS = NO;
				SWIFT_VERSION = 5.0;
				TARGETED_DEVICE_FAMILY = "1,2";
				TEST_HOST = "$(BUILT_PRODUCTS_DIR)/Pawpet.app/$(BUNDLE_EXECUTABLE_FOLDER_PATH)/Pawpet";
			};
			name = Debug;
		};
		C6C450F8298FF2930094FF5A /* Release */ = {
			isa = XCBuildConfiguration;
			baseConfigurationReference = 734520AFB8E550129D209F62 /* Pods-PawpetTests.release.xcconfig */;
			buildSettings = {
				ALWAYS_EMBED_SWIFT_STANDARD_LIBRARIES = YES;
				BUNDLE_LOADER = "$(TEST_HOST)";
				CODE_SIGN_STYLE = Automatic;
				CURRENT_PROJECT_VERSION = 1;
				DEVELOPMENT_TEAM = 5QL6TNF9LL;
				GENERATE_INFOPLIST_FILE = YES;
				IPHONEOS_DEPLOYMENT_TARGET = 16.2;
				MARKETING_VERSION = 1.0;
				PRODUCT_BUNDLE_IDENTIFIER = Miller.PawpetTests;
				PRODUCT_NAME = "$(TARGET_NAME)";
				SWIFT_EMIT_LOC_STRINGS = NO;
				SWIFT_VERSION = 5.0;
				TARGETED_DEVICE_FAMILY = "1,2";
				TEST_HOST = "$(BUILT_PRODUCTS_DIR)/Pawpet.app/$(BUNDLE_EXECUTABLE_FOLDER_PATH)/Pawpet";
			};
			name = Release;
		};
		C6C450FA298FF2930094FF5A /* Debug */ = {
			isa = XCBuildConfiguration;
			baseConfigurationReference = CE6C03E76F5F4D825989EBFD /* Pods-Pawpet-PawpetUITests.debug.xcconfig */;
			buildSettings = {
				ALWAYS_EMBED_SWIFT_STANDARD_LIBRARIES = YES;
				CODE_SIGN_STYLE = Automatic;
				CURRENT_PROJECT_VERSION = 1;
				DEVELOPMENT_TEAM = 5QL6TNF9LL;
				GENERATE_INFOPLIST_FILE = YES;
				MARKETING_VERSION = 1.0;
				PRODUCT_BUNDLE_IDENTIFIER = Miller.PawpetUITests;
				PRODUCT_NAME = "$(TARGET_NAME)";
				SWIFT_EMIT_LOC_STRINGS = NO;
				SWIFT_VERSION = 5.0;
				TARGETED_DEVICE_FAMILY = "1,2";
				TEST_TARGET_NAME = Pawpet;
			};
			name = Debug;
		};
		C6C450FB298FF2930094FF5A /* Release */ = {
			isa = XCBuildConfiguration;
			baseConfigurationReference = AE3A27A1B3BB51435004AB95 /* Pods-Pawpet-PawpetUITests.release.xcconfig */;
			buildSettings = {
				ALWAYS_EMBED_SWIFT_STANDARD_LIBRARIES = YES;
				CODE_SIGN_STYLE = Automatic;
				CURRENT_PROJECT_VERSION = 1;
				DEVELOPMENT_TEAM = 5QL6TNF9LL;
				GENERATE_INFOPLIST_FILE = YES;
				MARKETING_VERSION = 1.0;
				PRODUCT_BUNDLE_IDENTIFIER = Miller.PawpetUITests;
				PRODUCT_NAME = "$(TARGET_NAME)";
				SWIFT_EMIT_LOC_STRINGS = NO;
				SWIFT_VERSION = 5.0;
				TARGETED_DEVICE_FAMILY = "1,2";
				TEST_TARGET_NAME = Pawpet;
			};
			name = Release;
		};
/* End XCBuildConfiguration section */

/* Begin XCConfigurationList section */
		C6C450C4298FF2920094FF5A /* Build configuration list for PBXProject "Pawpet" */ = {
			isa = XCConfigurationList;
			buildConfigurations = (
				C6C450F1298FF2930094FF5A /* Debug */,
				C6C450F2298FF2930094FF5A /* Release */,
			);
			defaultConfigurationIsVisible = 0;
			defaultConfigurationName = Release;
		};
		C6C450F3298FF2930094FF5A /* Build configuration list for PBXNativeTarget "Pawpet" */ = {
			isa = XCConfigurationList;
			buildConfigurations = (
				C6C450F4298FF2930094FF5A /* Debug */,
				C6C450F5298FF2930094FF5A /* Release */,
			);
			defaultConfigurationIsVisible = 0;
			defaultConfigurationName = Release;
		};
		C6C450F6298FF2930094FF5A /* Build configuration list for PBXNativeTarget "PawpetTests" */ = {
			isa = XCConfigurationList;
			buildConfigurations = (
				C6C450F7298FF2930094FF5A /* Debug */,
				C6C450F8298FF2930094FF5A /* Release */,
			);
			defaultConfigurationIsVisible = 0;
			defaultConfigurationName = Release;
		};
		C6C450F9298FF2930094FF5A /* Build configuration list for PBXNativeTarget "PawpetUITests" */ = {
			isa = XCConfigurationList;
			buildConfigurations = (
				C6C450FA298FF2930094FF5A /* Debug */,
				C6C450FB298FF2930094FF5A /* Release */,
			);
			defaultConfigurationIsVisible = 0;
			defaultConfigurationName = Release;
		};
/* End XCConfigurationList section */
	};
	rootObject = C6C450C1298FF2920094FF5A /* Project object */;
}
